// !$*UTF8*$!
{
	archiveVersion = 1;
	classes = {
	};
	objectVersion = 46;
	objects = {

/* Begin PBXAggregateTarget section */
		52E3E7491C90415E8F927004 /* ALL_BUILD */ = {
			isa = PBXAggregateTarget;
			buildConfigurationList = EC126BA4D3DE4C6589D6FEB3 /* Build configuration list for PBXAggregateTarget "ALL_BUILD" */;
			buildPhases = (
				D94794D9A0AF4ECDBE42E144 /* CMake Rules */,
			);
			dependencies = (
				032BD5A459994AA8AD3E7243 /* PBXTargetDependency */,
				6EA9A6DEE0D345A6ADCA345D /* PBXTargetDependency */,
			);
			name = ALL_BUILD;
			productName = ALL_BUILD;
		};
		8B0DE4DB5B4A4CC68599EB64 /* ZERO_CHECK */ = {
			isa = PBXAggregateTarget;
			buildConfigurationList = A62CBEAC75514E01B68D8970 /* Build configuration list for PBXAggregateTarget "ZERO_CHECK" */;
			buildPhases = (
				95B8D6709CFA4FAE85381064 /* CMake Rules */,
			);
			dependencies = (
			);
			name = ZERO_CHECK;
			productName = ZERO_CHECK;
		};
/* End PBXAggregateTarget section */

/* Begin PBXBuildFile section */
		73D17ABE630B4F3EB49349E5 /* main.cpp in Sources */ = {isa = PBXBuildFile; fileRef = 46DEF1193CED4C2A8ED9E90D /* main.cpp */; };
		A8DD16894B3347B4A42D5449 /* sha256.cpp in Sources */ = {isa = PBXBuildFile; fileRef = 0C7AD84EA5F14C19A7C21595 /* sha256.cpp */; };
		E3F172BE21674107ABE24220 /* md5.cpp in Sources */ = {isa = PBXBuildFile; fileRef = 18D80E5F436649F99107E3D7 /* md5.cpp */; };
/* End PBXBuildFile section */

/* Begin PBXContainerItemProxy section */
		83A5708C340E451F97AB956C /* PBXContainerItemProxy */ = {
			isa = PBXContainerItemProxy;
			containerPortal = E0F34CC096F64D3DA7E1C1B6 /* Project object */;
			proxyType = 1;
			remoteGlobalIDString = 8B0DE4DB5B4A4CC68599EB64;
			remoteInfo = ZERO_CHECK;
		};
		9AB4D116F6514D0C9DCA7FB9 /* PBXContainerItemProxy */ = {
			isa = PBXContainerItemProxy;
			containerPortal = E0F34CC096F64D3DA7E1C1B6 /* Project object */;
			proxyType = 1;
			remoteGlobalIDString = C63E39B7BF494DED896AFFC2;
			remoteInfo = ConcurrentMerkle;
		};
		D2005C037EF04B5687CA6818 /* PBXContainerItemProxy */ = {
			isa = PBXContainerItemProxy;
			containerPortal = E0F34CC096F64D3DA7E1C1B6 /* Project object */;
			proxyType = 1;
			remoteGlobalIDString = 8B0DE4DB5B4A4CC68599EB64;
			remoteInfo = ZERO_CHECK;
		};
/* End PBXContainerItemProxy section */

/* Begin PBXFileReference section */
		03FFC44DE6F24C9F8884A857 /* sha256.h */ = {isa = PBXFileReference; explicitFileType = sourcecode.c.h; fileEncoding = 4; path = sha256.h; sourceTree = SOURCE_ROOT; };
		0A145B4E4510437BAC4EC2C3 /* MerkleTree.h */ = {isa = PBXFileReference; explicitFileType = sourcecode.c.h; fileEncoding = 4; path = MerkleTree.h; sourceTree = SOURCE_ROOT; xcLanguageSpecificationIdentifier = xcode.lang.cpp; };
		0C7AD84EA5F14C19A7C21595 /* sha256.cpp */ = {isa = PBXFileReference; explicitFileType = sourcecode.cpp.cpp; fileEncoding = 4; path = sha256.cpp; sourceTree = SOURCE_ROOT; };
		18D80E5F436649F99107E3D7 /* md5.cpp */ = {isa = PBXFileReference; explicitFileType = sourcecode.cpp.cpp; fileEncoding = 4; path = md5.cpp; sourceTree = SOURCE_ROOT; };
		46DEF1193CED4C2A8ED9E90D /* main.cpp */ = {isa = PBXFileReference; explicitFileType = sourcecode.cpp.cpp; fileEncoding = 4; path = main.cpp; sourceTree = SOURCE_ROOT; };
		73DA22ED98A74EA6BB72B7A1 /* CMakeLists.txt */ = {isa = PBXFileReference; explicitFileType = sourcecode.text; fileEncoding = 4; lastKnownFileType = text; path = CMakeLists.txt; sourceTree = SOURCE_ROOT; };
		76906D59AB4A45B296FE1F02 /* ConcurrentMerkle */ = {isa = PBXFileReference; explicitFileType = "compiled.mach-o.executable"; path = ConcurrentMerkle; sourceTree = BUILT_PRODUCTS_DIR; };
		8456408723DF3F84008F6FAA /* SequentialMerkle.h */ = {isa = PBXFileReference; lastKnownFileType = sourcecode.c.h; path = SequentialMerkle.h; sourceTree = "<group>"; };
		9A0468DB29E749BFAFA8B03E /* CMakeLists.txt */ = {isa = PBXFileReference; explicitFileType = sourcecode.text; fileEncoding = 4; lastKnownFileType = text; path = CMakeLists.txt; sourceTree = SOURCE_ROOT; };
		CED10EDDFA5E47518AA6FE67 /* md5.h */ = {isa = PBXFileReference; explicitFileType = sourcecode.c.h; fileEncoding = 4; path = md5.h; sourceTree = SOURCE_ROOT; };
/* End PBXFileReference section */

/* Begin PBXGroup section */
		022C4EE7D7D643A4A41C4D77 /* Products */ = {
			isa = PBXGroup;
			children = (
				76906D59AB4A45B296FE1F02 /* ConcurrentMerkle */,
			);
			name = Products;
			sourceTree = "<group>";
		};
		13DF58A2D7B2497A8C93D0B0 /* ConcurrentMerkle */ = {
			isa = PBXGroup;
			children = (
				84640BDBABDA4244AE2945CE /* Source Files */,
				2EF87A12D4424860BB9756CE /* Header Files */,
				9A0468DB29E749BFAFA8B03E /* CMakeLists.txt */,
			);
			name = ConcurrentMerkle;
			sourceTree = "<group>";
		};
		2EF87A12D4424860BB9756CE /* Header Files */ = {
			isa = PBXGroup;
			children = (
				0A145B4E4510437BAC4EC2C3 /* MerkleTree.h */,
				CED10EDDFA5E47518AA6FE67 /* md5.h */,
				03FFC44DE6F24C9F8884A857 /* sha256.h */,
				8456408723DF3F84008F6FAA /* SequentialMerkle.h */,
			);
			name = "Header Files";
			sourceTree = "<group>";
		};
		76926BF57AA0497CB2F2E148 = {
			isa = PBXGroup;
			children = (
				13DF58A2D7B2497A8C93D0B0 /* ConcurrentMerkle */,
				F2903830802743189521DF24 /* ALL_BUILD */,
				022C4EE7D7D643A4A41C4D77 /* Products */,
			);
			sourceTree = "<group>";
		};
		84640BDBABDA4244AE2945CE /* Source Files */ = {
			isa = PBXGroup;
			children = (
				46DEF1193CED4C2A8ED9E90D /* main.cpp */,
				18D80E5F436649F99107E3D7 /* md5.cpp */,
				0C7AD84EA5F14C19A7C21595 /* sha256.cpp */,
			);
			name = "Source Files";
			sourceTree = "<group>";
		};
		A307B27E8B0242F994F54B68 /* CMake Rules */ = {
			isa = PBXGroup;
			children = (
			);
			name = "CMake Rules";
			sourceTree = "<group>";
		};
		F2903830802743189521DF24 /* ALL_BUILD */ = {
			isa = PBXGroup;
			children = (
				A307B27E8B0242F994F54B68 /* CMake Rules */,
				73DA22ED98A74EA6BB72B7A1 /* CMakeLists.txt */,
			);
			name = ALL_BUILD;
			sourceTree = "<group>";
		};
/* End PBXGroup section */

/* Begin PBXNativeTarget section */
		C63E39B7BF494DED896AFFC2 /* ConcurrentMerkle */ = {
			isa = PBXNativeTarget;
			buildConfigurationList = 6368BB59418A4B67A5D748D8 /* Build configuration list for PBXNativeTarget "ConcurrentMerkle" */;
			buildPhases = (
				829BB13CDB5842D1A6E53B78 /* Sources */,
			);
			buildRules = (
			);
			dependencies = (
				B8D5FBFC8BCA493A857CC968 /* PBXTargetDependency */,
			);
			name = ConcurrentMerkle;
			productName = ConcurrentMerkle;
			productReference = 76906D59AB4A45B296FE1F02 /* ConcurrentMerkle */;
			productType = "com.apple.product-type.tool";
		};
/* End PBXNativeTarget section */

/* Begin PBXProject section */
		E0F34CC096F64D3DA7E1C1B6 /* Project object */ = {
			isa = PBXProject;
			attributes = {
				BuildIndependentTargetsInParallel = YES;
				LastUpgradeCheck = 1130;
			};
			buildConfigurationList = B8D82ECF80D7441C836AFE8B /* Build configuration list for PBXProject "ConcurrentMerkle" */;
			compatibilityVersion = "Xcode 3.2";
			developmentRegion = en;
			hasScannedForEncodings = 0;
			knownRegions = (
				en,
				Base,
			);
			mainGroup = 76926BF57AA0497CB2F2E148;
			projectDirPath = ../;
			projectRoot = "";
			targets = (
				52E3E7491C90415E8F927004 /* ALL_BUILD */,
				C63E39B7BF494DED896AFFC2 /* ConcurrentMerkle */,
				8B0DE4DB5B4A4CC68599EB64 /* ZERO_CHECK */,
			);
		};
/* End PBXProject section */

/* Begin PBXShellScriptBuildPhase section */
		95B8D6709CFA4FAE85381064 /* CMake Rules */ = {
			isa = PBXShellScriptBuildPhase;
			buildActionMask = 2147483647;
			files = (
			);
			name = "CMake Rules";
			runOnlyForDeploymentPostprocessing = 0;
			shellPath = /bin/sh;
			shellScript = "make -C /Users/admin/area67/ConcurrentMerkle/_build -f /Users/admin/area67/ConcurrentMerkle/_build/CMakeScripts/ZERO_CHECK_cmakeRulesBuildPhase.make$CONFIGURATION OBJDIR=$(basename \"$OBJECT_FILE_DIR_normal\") all";
			showEnvVarsInLog = 0;
		};
		D94794D9A0AF4ECDBE42E144 /* CMake Rules */ = {
			isa = PBXShellScriptBuildPhase;
			buildActionMask = 2147483647;
			files = (
			);
			name = "CMake Rules";
			runOnlyForDeploymentPostprocessing = 0;
			shellPath = /bin/sh;
			shellScript = "make -C /Users/admin/area67/ConcurrentMerkle/_build -f /Users/admin/area67/ConcurrentMerkle/_build/CMakeScripts/ALL_BUILD_cmakeRulesBuildPhase.make$CONFIGURATION OBJDIR=$(basename \"$OBJECT_FILE_DIR_normal\") all";
			showEnvVarsInLog = 0;
		};
/* End PBXShellScriptBuildPhase section */

/* Begin PBXSourcesBuildPhase section */
		829BB13CDB5842D1A6E53B78 /* Sources */ = {
			isa = PBXSourcesBuildPhase;
			buildActionMask = 2147483647;
			files = (
				73D17ABE630B4F3EB49349E5 /* main.cpp in Sources */,
				E3F172BE21674107ABE24220 /* md5.cpp in Sources */,
				A8DD16894B3347B4A42D5449 /* sha256.cpp in Sources */,
			);
			runOnlyForDeploymentPostprocessing = 0;
		};
/* End PBXSourcesBuildPhase section */

/* Begin PBXTargetDependency section */
		032BD5A459994AA8AD3E7243 /* PBXTargetDependency */ = {
			isa = PBXTargetDependency;
			target = C63E39B7BF494DED896AFFC2 /* ConcurrentMerkle */;
			targetProxy = 9AB4D116F6514D0C9DCA7FB9 /* PBXContainerItemProxy */;
		};
		6EA9A6DEE0D345A6ADCA345D /* PBXTargetDependency */ = {
			isa = PBXTargetDependency;
			target = 8B0DE4DB5B4A4CC68599EB64 /* ZERO_CHECK */;
			targetProxy = 83A5708C340E451F97AB956C /* PBXContainerItemProxy */;
		};
		B8D5FBFC8BCA493A857CC968 /* PBXTargetDependency */ = {
			isa = PBXTargetDependency;
			target = 8B0DE4DB5B4A4CC68599EB64 /* ZERO_CHECK */;
			targetProxy = D2005C037EF04B5687CA6818 /* PBXContainerItemProxy */;
		};
/* End PBXTargetDependency section */

/* Begin XCBuildConfiguration section */
		0F35961F8992418EAC9EEE49 /* MinSizeRel */ = {
			isa = XCBuildConfiguration;
			buildSettings = {
				COMBINE_HIDPI_IMAGES = YES;
				EXECUTABLE_PREFIX = "";
				EXECUTABLE_SUFFIX = "";
				GCC_GENERATE_DEBUGGING_SYMBOLS = NO;
				GCC_INLINES_ARE_PRIVATE_EXTERN = NO;
				GCC_OPTIMIZATION_LEVEL = s;
				GCC_PREPROCESSOR_DEFINITIONS = "'CMAKE_INTDIR=\"$(CONFIGURATION)$(EFFECTIVE_PLATFORM_NAME)\"'";
				GCC_SYMBOLS_PRIVATE_EXTERN = NO;
				INSTALL_PATH = "";
				LIBRARY_SEARCH_PATHS = "";
				OTHER_CPLUSPLUSFLAGS = (
					"-DNDEBUG",
					"'-std=gnu++2a'",
				);
				OTHER_LDFLAGS = (
					"-Wl,-search_paths_first",
					"-Wl,-headerpad_max_install_names",
				);
				OTHER_REZFLAGS = "";
				PRODUCT_NAME = ConcurrentMerkle;
				SECTORDER_FLAGS = "";
				SYMROOT = /Users/admin/area67/ConcurrentMerkle/_build;
				USE_HEADERMAP = NO;
				WARNING_CFLAGS = (
					"-Wmost",
					"-Wno-four-char-constants",
					"-Wno-unknown-pragmas",
					"$(inherited)",
				);
			};
			name = MinSizeRel;
		};
		1A4042A24E784E0D95C2EFAF /* Release */ = {
			isa = XCBuildConfiguration;
			buildSettings = {
				ONLY_ACTIVE_ARCH = YES;
				SDKROOT = /Applications/Xcode.app/Contents/Developer/Platforms/MacOSX.platform/Developer/SDKs/MacOSX10.15.sdk;
				SYMROOT = /Users/admin/area67/ConcurrentMerkle/_build/build;
			};
			name = Release;
		};
		2C7C072CCDA54B4CB13E6311 /* MinSizeRel */ = {
			isa = XCBuildConfiguration;
			buildSettings = {
				COMBINE_HIDPI_IMAGES = YES;
				GCC_GENERATE_DEBUGGING_SYMBOLS = YES;
				GCC_INLINES_ARE_PRIVATE_EXTERN = NO;
				GCC_OPTIMIZATION_LEVEL = 0;
				GCC_PREPROCESSOR_DEFINITIONS = "'CMAKE_INTDIR=\"$(CONFIGURATION)$(EFFECTIVE_PLATFORM_NAME)\"'";
				GCC_SYMBOLS_PRIVATE_EXTERN = NO;
				INSTALL_PATH = "";
				OTHER_LDFLAGS = " ";
				OTHER_REZFLAGS = "";
				PRODUCT_NAME = ALL_BUILD;
				SECTORDER_FLAGS = "";
				SYMROOT = /Users/admin/area67/ConcurrentMerkle/_build;
				USE_HEADERMAP = NO;
				WARNING_CFLAGS = (
					"-Wmost",
					"-Wno-four-char-constants",
					"-Wno-unknown-pragmas",
					"$(inherited)",
				);
			};
			name = MinSizeRel;
		};
		4FE083AF99C34175B6B6AE7C /* RelWithDebInfo */ = {
			isa = XCBuildConfiguration;
			buildSettings = {
				ONLY_ACTIVE_ARCH = YES;
				SDKROOT = /Applications/Xcode.app/Contents/Developer/Platforms/MacOSX.platform/Developer/SDKs/MacOSX10.15.sdk;
				SYMROOT = /Users/admin/area67/ConcurrentMerkle/_build/build;
			};
			name = RelWithDebInfo;
		};
		5D066BCD471A41AFABB19167 /* Debug */ = {
			isa = XCBuildConfiguration;
			buildSettings = {
				ONLY_ACTIVE_ARCH = YES;
				SDKROOT = /Applications/Xcode.app/Contents/Developer/Platforms/MacOSX.platform/Developer/SDKs/MacOSX10.15.sdk;
				SYMROOT = /Users/admin/area67/ConcurrentMerkle/_build/build;
			};
			name = Debug;
		};
		6720524E94DB4889B166E03A /* Release */ = {
			isa = XCBuildConfiguration;
			buildSettings = {
				COMBINE_HIDPI_IMAGES = YES;
				GCC_GENERATE_DEBUGGING_SYMBOLS = YES;
				GCC_INLINES_ARE_PRIVATE_EXTERN = NO;
				GCC_OPTIMIZATION_LEVEL = 0;
				GCC_PREPROCESSOR_DEFINITIONS = "'CMAKE_INTDIR=\"$(CONFIGURATION)$(EFFECTIVE_PLATFORM_NAME)\"'";
				GCC_SYMBOLS_PRIVATE_EXTERN = NO;
				INSTALL_PATH = "";
				OTHER_LDFLAGS = " ";
				OTHER_REZFLAGS = "";
				PRODUCT_NAME = ZERO_CHECK;
				SECTORDER_FLAGS = "";
				SYMROOT = /Users/admin/area67/ConcurrentMerkle/_build;
				USE_HEADERMAP = NO;
				WARNING_CFLAGS = (
					"-Wmost",
					"-Wno-four-char-constants",
					"-Wno-unknown-pragmas",
					"$(inherited)",
				);
			};
			name = Release;
		};
		907297AAF65145ECA7234A25 /* Debug */ = {
			isa = XCBuildConfiguration;
			buildSettings = {
				COMBINE_HIDPI_IMAGES = YES;
				GCC_GENERATE_DEBUGGING_SYMBOLS = YES;
				GCC_INLINES_ARE_PRIVATE_EXTERN = NO;
				GCC_OPTIMIZATION_LEVEL = 0;
				GCC_PREPROCESSOR_DEFINITIONS = "'CMAKE_INTDIR=\"$(CONFIGURATION)$(EFFECTIVE_PLATFORM_NAME)\"'";
				GCC_SYMBOLS_PRIVATE_EXTERN = NO;
				INSTALL_PATH = "";
				OTHER_LDFLAGS = " ";
				OTHER_REZFLAGS = "";
				PRODUCT_NAME = ALL_BUILD;
				SECTORDER_FLAGS = "";
				SYMROOT = /Users/admin/area67/ConcurrentMerkle/_build;
				USE_HEADERMAP = NO;
				WARNING_CFLAGS = (
					"-Wmost",
					"-Wno-four-char-constants",
					"-Wno-unknown-pragmas",
					"$(inherited)",
				);
			};
			name = Debug;
		};
		96AF2E499AA3437BAFC6FAAC /* RelWithDebInfo */ = {
			isa = XCBuildConfiguration;
			buildSettings = {
				COMBINE_HIDPI_IMAGES = YES;
				GCC_GENERATE_DEBUGGING_SYMBOLS = YES;
				GCC_INLINES_ARE_PRIVATE_EXTERN = NO;
				GCC_OPTIMIZATION_LEVEL = 0;
				GCC_PREPROCESSOR_DEFINITIONS = "'CMAKE_INTDIR=\"$(CONFIGURATION)$(EFFECTIVE_PLATFORM_NAME)\"'";
				GCC_SYMBOLS_PRIVATE_EXTERN = NO;
				INSTALL_PATH = "";
				OTHER_LDFLAGS = " ";
				OTHER_REZFLAGS = "";
				PRODUCT_NAME = ALL_BUILD;
				SECTORDER_FLAGS = "";
				SYMROOT = /Users/admin/area67/ConcurrentMerkle/_build;
				USE_HEADERMAP = NO;
				WARNING_CFLAGS = (
					"-Wmost",
					"-Wno-four-char-constants",
					"-Wno-unknown-pragmas",
					"$(inherited)",
				);
			};
			name = RelWithDebInfo;
		};
		A01DD744901A473FBEB7BA6F /* RelWithDebInfo */ = {
			isa = XCBuildConfiguration;
			buildSettings = {
				COMBINE_HIDPI_IMAGES = YES;
				GCC_GENERATE_DEBUGGING_SYMBOLS = YES;
				GCC_INLINES_ARE_PRIVATE_EXTERN = NO;
				GCC_OPTIMIZATION_LEVEL = 0;
				GCC_PREPROCESSOR_DEFINITIONS = "'CMAKE_INTDIR=\"$(CONFIGURATION)$(EFFECTIVE_PLATFORM_NAME)\"'";
				GCC_SYMBOLS_PRIVATE_EXTERN = NO;
				INSTALL_PATH = "";
				OTHER_LDFLAGS = " ";
				OTHER_REZFLAGS = "";
				PRODUCT_NAME = ZERO_CHECK;
				SECTORDER_FLAGS = "";
				SYMROOT = /Users/admin/area67/ConcurrentMerkle/_build;
				USE_HEADERMAP = NO;
				WARNING_CFLAGS = (
					"-Wmost",
					"-Wno-four-char-constants",
					"-Wno-unknown-pragmas",
					"$(inherited)",
				);
			};
			name = RelWithDebInfo;
		};
		D191635E5A1A47E593FC121B /* MinSizeRel */ = {
			isa = XCBuildConfiguration;
			buildSettings = {
				ONLY_ACTIVE_ARCH = YES;
				SDKROOT = /Applications/Xcode.app/Contents/Developer/Platforms/MacOSX.platform/Developer/SDKs/MacOSX10.15.sdk;
				SYMROOT = /Users/admin/area67/ConcurrentMerkle/_build/build;
			};
			name = MinSizeRel;
		};
		DA50D7E8C3844501BF922C75 /* Debug */ = {
			isa = XCBuildConfiguration;
			buildSettings = {
				COMBINE_HIDPI_IMAGES = YES;
				EXECUTABLE_PREFIX = "";
				EXECUTABLE_SUFFIX = "";
				GCC_GENERATE_DEBUGGING_SYMBOLS = YES;
				GCC_INLINES_ARE_PRIVATE_EXTERN = NO;
				GCC_OPTIMIZATION_LEVEL = 0;
				GCC_PREPROCESSOR_DEFINITIONS = "'CMAKE_INTDIR=\"$(CONFIGURATION)$(EFFECTIVE_PLATFORM_NAME)\"'";
				GCC_SYMBOLS_PRIVATE_EXTERN = NO;
				INSTALL_PATH = "";
				LIBRARY_SEARCH_PATHS = "";
				OTHER_CPLUSPLUSFLAGS = "   '-std=gnu++2a'  ";
				OTHER_LDFLAGS = (
					"-Wl,-search_paths_first",
					"-Wl,-headerpad_max_install_names",
				);
				OTHER_REZFLAGS = "";
				PRODUCT_NAME = ConcurrentMerkle;
				SECTORDER_FLAGS = "";
				SYMROOT = /Users/admin/area67/ConcurrentMerkle/_build;
				USE_HEADERMAP = NO;
				WARNING_CFLAGS = (
					"-Wmost",
					"-Wno-four-char-constants",
					"-Wno-unknown-pragmas",
					"$(inherited)",
				);
			};
			name = Debug;
		};
		E2850153C6E44A7790BC15FC /* MinSizeRel */ = {
			isa = XCBuildConfiguration;
			buildSettings = {
				COMBINE_HIDPI_IMAGES = YES;
				GCC_GENERATE_DEBUGGING_SYMBOLS = YES;
				GCC_INLINES_ARE_PRIVATE_EXTERN = NO;
				GCC_OPTIMIZATION_LEVEL = 0;
				GCC_PREPROCESSOR_DEFINITIONS = "'CMAKE_INTDIR=\"$(CONFIGURATION)$(EFFECTIVE_PLATFORM_NAME)\"'";
				GCC_SYMBOLS_PRIVATE_EXTERN = NO;
				INSTALL_PATH = "";
				OTHER_LDFLAGS = " ";
				OTHER_REZFLAGS = "";
				PRODUCT_NAME = ZERO_CHECK;
				SECTORDER_FLAGS = "";
				SYMROOT = /Users/admin/area67/ConcurrentMerkle/_build;
				USE_HEADERMAP = NO;
				WARNING_CFLAGS = (
					"-Wmost",
					"-Wno-four-char-constants",
					"-Wno-unknown-pragmas",
					"$(inherited)",
				);
			};
			name = MinSizeRel;
		};
		E48658AFF3B6438BA4B274CF /* Release */ = {
			isa = XCBuildConfiguration;
			buildSettings = {
				COMBINE_HIDPI_IMAGES = YES;
				EXECUTABLE_PREFIX = "";
				EXECUTABLE_SUFFIX = "";
				GCC_GENERATE_DEBUGGING_SYMBOLS = NO;
				GCC_INLINES_ARE_PRIVATE_EXTERN = NO;
				GCC_OPTIMIZATION_LEVEL = 3;
				GCC_PREPROCESSOR_DEFINITIONS = "'CMAKE_INTDIR=\"$(CONFIGURATION)$(EFFECTIVE_PLATFORM_NAME)\"'";
				GCC_SYMBOLS_PRIVATE_EXTERN = NO;
				INSTALL_PATH = "";
				LIBRARY_SEARCH_PATHS = "";
				OTHER_CPLUSPLUSFLAGS = (
					"-DNDEBUG",
					"'-std=gnu++2a'",
				);
				OTHER_LDFLAGS = (
					"-Wl,-search_paths_first",
					"-Wl,-headerpad_max_install_names",
				);
				OTHER_REZFLAGS = "";
				PRODUCT_NAME = ConcurrentMerkle;
				SECTORDER_FLAGS = "";
				SYMROOT = /Users/admin/area67/ConcurrentMerkle/_build;
				USE_HEADERMAP = NO;
				WARNING_CFLAGS = (
					"-Wmost",
					"-Wno-four-char-constants",
					"-Wno-unknown-pragmas",
					"$(inherited)",
				);
			};
			name = Release;
		};
		F3C280DF0F3748C9A3282171 /* RelWithDebInfo */ = {
			isa = XCBuildConfiguration;
			buildSettings = {
				COMBINE_HIDPI_IMAGES = YES;
				EXECUTABLE_PREFIX = "";
				EXECUTABLE_SUFFIX = "";
				GCC_GENERATE_DEBUGGING_SYMBOLS = YES;
				GCC_INLINES_ARE_PRIVATE_EXTERN = NO;
				GCC_OPTIMIZATION_LEVEL = 2;
				GCC_PREPROCESSOR_DEFINITIONS = "'CMAKE_INTDIR=\"$(CONFIGURATION)$(EFFECTIVE_PLATFORM_NAME)\"'";
				GCC_SYMBOLS_PRIVATE_EXTERN = NO;
				INSTALL_PATH = "";
				LIBRARY_SEARCH_PATHS = "";
				OTHER_CPLUSPLUSFLAGS = (
					"-DNDEBUG",
					"'-std=gnu++2a'",
				);
				OTHER_LDFLAGS = (
					"-Wl,-search_paths_first",
					"-Wl,-headerpad_max_install_names",
				);
				OTHER_REZFLAGS = "";
				PRODUCT_NAME = ConcurrentMerkle;
				SECTORDER_FLAGS = "";
				SYMROOT = /Users/admin/area67/ConcurrentMerkle/_build;
				USE_HEADERMAP = NO;
				WARNING_CFLAGS = (
					"-Wmost",
					"-Wno-four-char-constants",
					"-Wno-unknown-pragmas",
					"$(inherited)",
				);
			};
			name = RelWithDebInfo;
		};
		FE22620FEE654375A4AE6D23 /* Debug */ = {
			isa = XCBuildConfiguration;
			buildSettings = {
				COMBINE_HIDPI_IMAGES = YES;
				GCC_GENERATE_DEBUGGING_SYMBOLS = YES;
				GCC_INLINES_ARE_PRIVATE_EXTERN = NO;
				GCC_OPTIMIZATION_LEVEL = 0;
				GCC_PREPROCESSOR_DEFINITIONS = "'CMAKE_INTDIR=\"$(CONFIGURATION)$(EFFECTIVE_PLATFORM_NAME)\"'";
				GCC_SYMBOLS_PRIVATE_EXTERN = NO;
				INSTALL_PATH = "";
				OTHER_LDFLAGS = " ";
				OTHER_REZFLAGS = "";
				PRODUCT_NAME = ZERO_CHECK;
				SECTORDER_FLAGS = "";
				SYMROOT = /Users/admin/area67/ConcurrentMerkle/_build;
				USE_HEADERMAP = NO;
				WARNING_CFLAGS = (
					"-Wmost",
					"-Wno-four-char-constants",
					"-Wno-unknown-pragmas",
					"$(inherited)",
				);
			};
			name = Debug;
		};
		FFDF33171675407CA33ADCE8 /* Release */ = {
			isa = XCBuildConfiguration;
			buildSettings = {
				COMBINE_HIDPI_IMAGES = YES;
				GCC_GENERATE_DEBUGGING_SYMBOLS = YES;
				GCC_INLINES_ARE_PRIVATE_EXTERN = NO;
				GCC_OPTIMIZATION_LEVEL = 0;
				GCC_PREPROCESSOR_DEFINITIONS = "'CMAKE_INTDIR=\"$(CONFIGURATION)$(EFFECTIVE_PLATFORM_NAME)\"'";
				GCC_SYMBOLS_PRIVATE_EXTERN = NO;
				INSTALL_PATH = "";
				OTHER_LDFLAGS = " ";
				OTHER_REZFLAGS = "";
				PRODUCT_NAME = ALL_BUILD;
				SECTORDER_FLAGS = "";
				SYMROOT = /Users/admin/area67/ConcurrentMerkle/_build;
				USE_HEADERMAP = NO;
				WARNING_CFLAGS = (
					"-Wmost",
					"-Wno-four-char-constants",
					"-Wno-unknown-pragmas",
					"$(inherited)",
				);
			};
			name = Release;
		};
/* End XCBuildConfiguration section */

/* Begin XCConfigurationList section */
		6368BB59418A4B67A5D748D8 /* Build configuration list for PBXNativeTarget "ConcurrentMerkle" */ = {
			isa = XCConfigurationList;
			buildConfigurations = (
				DA50D7E8C3844501BF922C75 /* Debug */,
				E48658AFF3B6438BA4B274CF /* Release */,
				0F35961F8992418EAC9EEE49 /* MinSizeRel */,
				F3C280DF0F3748C9A3282171 /* RelWithDebInfo */,
			);
			defaultConfigurationIsVisible = 0;
			defaultConfigurationName = Debug;
		};
		A62CBEAC75514E01B68D8970 /* Build configuration list for PBXAggregateTarget "ZERO_CHECK" */ = {
			isa = XCConfigurationList;
			buildConfigurations = (
				FE22620FEE654375A4AE6D23 /* Debug */,
				6720524E94DB4889B166E03A /* Release */,
				E2850153C6E44A7790BC15FC /* MinSizeRel */,
				A01DD744901A473FBEB7BA6F /* RelWithDebInfo */,
			);
			defaultConfigurationIsVisible = 0;
			defaultConfigurationName = Debug;
		};
		B8D82ECF80D7441C836AFE8B /* Build configuration list for PBXProject "ConcurrentMerkle" */ = {
			isa = XCConfigurationList;
			buildConfigurations = (
				5D066BCD471A41AFABB19167 /* Debug */,
				1A4042A24E784E0D95C2EFAF /* Release */,
				D191635E5A1A47E593FC121B /* MinSizeRel */,
				4FE083AF99C34175B6B6AE7C /* RelWithDebInfo */,
			);
			defaultConfigurationIsVisible = 0;
			defaultConfigurationName = Debug;
		};
		EC126BA4D3DE4C6589D6FEB3 /* Build configuration list for PBXAggregateTarget "ALL_BUILD" */ = {
			isa = XCConfigurationList;
			buildConfigurations = (
				907297AAF65145ECA7234A25 /* Debug */,
				FFDF33171675407CA33ADCE8 /* Release */,
				2C7C072CCDA54B4CB13E6311 /* MinSizeRel */,
				96AF2E499AA3437BAFC6FAAC /* RelWithDebInfo */,
			);
			defaultConfigurationIsVisible = 0;
			defaultConfigurationName = Debug;
		};
/* End XCConfigurationList section */
	};
	rootObject = E0F34CC096F64D3DA7E1C1B6 /* Project object */;
}
