// !$*UTF8*$!
{
	archiveVersion = 1;
	classes = {
	};
	objectVersion = 46;
	objects = {

/* Begin PBXAggregateTarget section */
		52E3E7491C90415E8F927004 /* ALL_BUILD */ = {
			isa = PBXAggregateTarget;
			buildConfigurationList = 7B9EA48DF4CD4305B7293F3A /* Build configuration list for PBXAggregateTarget "ALL_BUILD" */;
			buildPhases = (
				43131D39238E48E987101E62 /* CMake Rules */,
			);
			dependencies = (
				1E5D5F5DDFC14B5B962C5B18 /* PBXTargetDependency */,
				AED1972B5A34412BA11D8BCC /* PBXTargetDependency */,
				1520DEDEE38E43E8A36180E5 /* PBXTargetDependency */,
			);
			name = ALL_BUILD;
			productName = ALL_BUILD;
		};
		8B0DE4DB5B4A4CC68599EB64 /* ZERO_CHECK */ = {
			isa = PBXAggregateTarget;
			buildConfigurationList = 0A29C3AD123A4093ADE08A5E /* Build configuration list for PBXAggregateTarget "ZERO_CHECK" */;
			buildPhases = (
				13D11A6149CA4FEB9EEAECAC /* CMake Rules */,
			);
			dependencies = (
			);
			name = ZERO_CHECK;
			productName = ZERO_CHECK;
		};
/* End PBXAggregateTarget section */

/* Begin PBXBuildFile section */
		1716E9876850451BA2149077 /* /Users/admin/area67/ConcurrentMerkle/md5.cpp */ = {isa = PBXBuildFile; fileRef = C8A72E8CCE174B4985A72CF0 /* /Users/admin/area67/ConcurrentMerkle/md5.cpp */; };
		29340DDC993E40B9B477C39C /* /Users/admin/area67/ConcurrentMerkle/main.cpp */ = {isa = PBXBuildFile; fileRef = 672D62DA901B4B7295AF7C3B /* /Users/admin/area67/ConcurrentMerkle/main.cpp */; };
		432911712B134421AEEA7775 /* /Users/admin/area67/ConcurrentMerkle/setMain.cpp */ = {isa = PBXBuildFile; fileRef = 51F205B892F5489D88D6916F /* /Users/admin/area67/ConcurrentMerkle/setMain.cpp */; };
		695FDE85523041FA99F63C7C /* /Users/admin/area67/ConcurrentMerkle/setMain.cpp */ = {isa = PBXBuildFile; fileRef = A808D7A3597842D8BB2B69F2 /* /Users/admin/area67/ConcurrentMerkle/setMain.cpp */; };
		91B66AA622AB4692A096A142 /* /Users/admin/area67/ConcurrentMerkle/sha256.h */ = {isa = PBXBuildFile; fileRef = 92BB613E452B45F7BBA920C8 /* /Users/admin/area67/ConcurrentMerkle/sha256.h */; };
		998B099267E14889A79E07EB /* /Users/admin/area67/ConcurrentMerkle/sha256.cpp */ = {isa = PBXBuildFile; fileRef = 921A61769FAB400C8A57B412 /* /Users/admin/area67/ConcurrentMerkle/sha256.cpp */; };
		ABB52A17949B40FFB15EC47F /* /Users/admin/area67/ConcurrentMerkle/CMakeLists.txt */ = {isa = PBXBuildFile; fileRef = 5DB4591CE55848F2B6EACB49 /* /Users/admin/area67/ConcurrentMerkle/CMakeLists.txt */; };
		AFC083DB4ABF48A782717849 /* /Users/admin/area67/ConcurrentMerkle/MerkleTree.h */ = {isa = PBXBuildFile; fileRef = 175A1DDA55264B7DA6338672 /* /Users/admin/area67/ConcurrentMerkle/MerkleTree.h */; };
		BD7FB7562015427CA748DFB9 /* /Users/admin/area67/ConcurrentMerkle/MerkleTreeVerifier.h */ = {isa = PBXBuildFile; fileRef = 4EA4FE2EF2A74580AEF3C86D /* /Users/admin/area67/ConcurrentMerkle/MerkleTreeVerifier.h */; };
		D3E2C6987FA34DD883A4F394 /* /Users/admin/area67/ConcurrentMerkle/md5.cpp */ = {isa = PBXBuildFile; fileRef = FD10B1F5BE1F4A6D95FD98BE /* /Users/admin/area67/ConcurrentMerkle/md5.cpp */; };
		D53D9DE714AE4466BFF90A0A /* /Users/admin/area67/ConcurrentMerkle/sha256.h */ = {isa = PBXBuildFile; fileRef = FF26135564BD43FB9D25AE8E /* /Users/admin/area67/ConcurrentMerkle/sha256.h */; };
		D6017A0DD52C47D9A3388585 /* /Users/admin/area67/ConcurrentMerkle/sha256.cpp */ = {isa = PBXBuildFile; fileRef = 0F0698C78DBD4E27A6A908E7 /* /Users/admin/area67/ConcurrentMerkle/sha256.cpp */; };
		E8E9D071A9B64B279D5FD0E2 /* /Users/admin/area67/ConcurrentMerkle/CMakeLists.txt */ = {isa = PBXBuildFile; fileRef = 0A709A33A8DA4931B40ED2BB /* /Users/admin/area67/ConcurrentMerkle/CMakeLists.txt */; };
		ECA2E8B5054A4FE6873958C6 /* /Users/admin/area67/ConcurrentMerkle/md5.h */ = {isa = PBXBuildFile; fileRef = 9553DB27025D47C5A4FC2EAC /* /Users/admin/area67/ConcurrentMerkle/md5.h */; };
		F9A85A8071264433B02E4165 /* /Users/admin/area67/ConcurrentMerkle/md5.h */ = {isa = PBXBuildFile; fileRef = D24B73DBB023424EB92C3924 /* /Users/admin/area67/ConcurrentMerkle/md5.h */; };
/* End PBXBuildFile section */

/* Begin PBXBuildStyle section */
		2C2B4209318444FC984D9363 /* RelWithDebInfo */ = {
			isa = PBXBuildStyle;
			buildSettings = {
				COPY_PHASE_STRIP = NO;
			};
			name = RelWithDebInfo;
		};
		B0FD8A8E8E624E74A101845A /* Release */ = {
			isa = PBXBuildStyle;
			buildSettings = {
				COPY_PHASE_STRIP = NO;
			};
			name = Release;
		};
		B4A28BC003AB406C9E3C7452 /* MinSizeRel */ = {
			isa = PBXBuildStyle;
			buildSettings = {
				COPY_PHASE_STRIP = NO;
			};
			name = MinSizeRel;
		};
		D14298BE8AEF40C1BA8BC879 /* Debug */ = {
			isa = PBXBuildStyle;
			buildSettings = {
				COPY_PHASE_STRIP = NO;
			};
			name = Debug;
		};
/* End PBXBuildStyle section */

/* Begin PBXContainerItemProxy section */
		2D91948F79914D7BBFFE83AC /* PBXContainerItemProxy */ = {
			isa = PBXContainerItemProxy;
			containerPortal = E0F34CC096F64D3DA7E1C1B6 /* Project object */;
			proxyType = 1;
			remoteGlobalIDString = 25F6F2273FAB4C1C9E3F385F;
			remoteInfo = SetVerifier;
		};
		3DA8806B62944330AEBD893E /* PBXContainerItemProxy */ = {
			isa = PBXContainerItemProxy;
			containerPortal = E0F34CC096F64D3DA7E1C1B6 /* Project object */;
			proxyType = 1;
			remoteGlobalIDString = 8B0DE4DB5B4A4CC68599EB64;
			remoteInfo = ZERO_CHECK;
		};
		4DB01FAF6D0E4FC29085D459 /* PBXContainerItemProxy */ = {
			isa = PBXContainerItemProxy;
			containerPortal = E0F34CC096F64D3DA7E1C1B6 /* Project object */;
			proxyType = 1;
			remoteGlobalIDString = 8B0DE4DB5B4A4CC68599EB64;
			remoteInfo = ZERO_CHECK;
		};
		7A5556246EEC49E7AA16738A /* PBXContainerItemProxy */ = {
			isa = PBXContainerItemProxy;
			containerPortal = E0F34CC096F64D3DA7E1C1B6 /* Project object */;
			proxyType = 1;
			remoteGlobalIDString = 8B0DE4DB5B4A4CC68599EB64;
			remoteInfo = ZERO_CHECK;
		};
		E826FF94446A412CA7FF3357 /* PBXContainerItemProxy */ = {
			isa = PBXContainerItemProxy;
			containerPortal = E0F34CC096F64D3DA7E1C1B6 /* Project object */;
			proxyType = 1;
			remoteGlobalIDString = C63E39B7BF494DED896AFFC2;
			remoteInfo = ConcurrentMerkle;
		};
/* End PBXContainerItemProxy section */

/* Begin PBXFileReference section */
		0A709A33A8DA4931B40ED2BB /* /Users/admin/area67/ConcurrentMerkle/CMakeLists.txt */ = {isa = PBXFileReference; explicitFileType = sourcecode.text; fileEncoding = 4; name = CMakeLists.txt; path = CMakeLists.txt; sourceTree = SOURCE_ROOT; };
		0F0698C78DBD4E27A6A908E7 /* /Users/admin/area67/ConcurrentMerkle/sha256.cpp */ = {isa = PBXFileReference; explicitFileType = sourcecode.cpp.cpp; fileEncoding = 4; name = sha256.cpp; path = sha256.cpp; sourceTree = SOURCE_ROOT; };
		175A1DDA55264B7DA6338672 /* /Users/admin/area67/ConcurrentMerkle/MerkleTree.h */ = {isa = PBXFileReference; explicitFileType = sourcecode.c.h; fileEncoding = 4; name = MerkleTree.h; path = MerkleTree.h; sourceTree = SOURCE_ROOT; };
		4EA4FE2EF2A74580AEF3C86D /* /Users/admin/area67/ConcurrentMerkle/MerkleTreeVerifier.h */ = {isa = PBXFileReference; explicitFileType = sourcecode.c.h; fileEncoding = 4; name = MerkleTreeVerifier.h; path = MerkleTreeVerifier.h; sourceTree = SOURCE_ROOT; };
		51F205B892F5489D88D6916F /* /Users/admin/area67/ConcurrentMerkle/setMain.cpp */ = {isa = PBXFileReference; explicitFileType = sourcecode.cpp.cpp; fileEncoding = 4; name = setMain.cpp; path = setMain.cpp; sourceTree = SOURCE_ROOT; };
		5DB4591CE55848F2B6EACB49 /* /Users/admin/area67/ConcurrentMerkle/CMakeLists.txt */ = {isa = PBXFileReference; explicitFileType = sourcecode.text; fileEncoding = 4; name = CMakeLists.txt; path = CMakeLists.txt; sourceTree = SOURCE_ROOT; };
		672D62DA901B4B7295AF7C3B /* /Users/admin/area67/ConcurrentMerkle/main.cpp */ = {isa = PBXFileReference; explicitFileType = sourcecode.cpp.cpp; fileEncoding = 4; name = main.cpp; path = main.cpp; sourceTree = SOURCE_ROOT; };
		921A61769FAB400C8A57B412 /* /Users/admin/area67/ConcurrentMerkle/sha256.cpp */ = {isa = PBXFileReference; explicitFileType = sourcecode.cpp.cpp; fileEncoding = 4; name = sha256.cpp; path = sha256.cpp; sourceTree = SOURCE_ROOT; };
		92BB613E452B45F7BBA920C8 /* /Users/admin/area67/ConcurrentMerkle/sha256.h */ = {isa = PBXFileReference; explicitFileType = sourcecode.c.h; fileEncoding = 4; name = sha256.h; path = sha256.h; sourceTree = SOURCE_ROOT; };
		9553DB27025D47C5A4FC2EAC /* /Users/admin/area67/ConcurrentMerkle/md5.h */ = {isa = PBXFileReference; explicitFileType = sourcecode.c.h; fileEncoding = 4; name = md5.h; path = md5.h; sourceTree = SOURCE_ROOT; };
		A808D7A3597842D8BB2B69F2 /* /Users/admin/area67/ConcurrentMerkle/setMain.cpp */ = {isa = PBXFileReference; explicitFileType = sourcecode.cpp.cpp; fileEncoding = 4; name = setMain.cpp; path = setMain.cpp; sourceTree = SOURCE_ROOT; };
		C700EA3A67FD46D7BEA89EFE /* /Users/admin/area67/ConcurrentMerkle/CMakeLists.txt */ = {isa = PBXFileReference; explicitFileType = sourcecode.text; fileEncoding = 4; name = CMakeLists.txt; path = CMakeLists.txt; sourceTree = SOURCE_ROOT; };
		C8A72E8CCE174B4985A72CF0 /* /Users/admin/area67/ConcurrentMerkle/md5.cpp */ = {isa = PBXFileReference; explicitFileType = sourcecode.cpp.cpp; fileEncoding = 4; name = md5.cpp; path = md5.cpp; sourceTree = SOURCE_ROOT; };
		D24B73DBB023424EB92C3924 /* /Users/admin/area67/ConcurrentMerkle/md5.h */ = {isa = PBXFileReference; explicitFileType = sourcecode.c.h; fileEncoding = 4; name = md5.h; path = md5.h; sourceTree = SOURCE_ROOT; };
		D3A528B220874D838296617E /* SetVerifier */ = {isa = PBXFileReference; explicitFileType = "compiled.mach-o.executable"; path = SetVerifier; sourceTree = BUILT_PRODUCTS_DIR; };
		E130464C04B1457AA850E348 /* ConcurrentMerkle */ = {isa = PBXFileReference; explicitFileType = "compiled.mach-o.executable"; path = ConcurrentMerkle; sourceTree = BUILT_PRODUCTS_DIR; };
		FD10B1F5BE1F4A6D95FD98BE /* /Users/admin/area67/ConcurrentMerkle/md5.cpp */ = {isa = PBXFileReference; explicitFileType = sourcecode.cpp.cpp; fileEncoding = 4; name = md5.cpp; path = md5.cpp; sourceTree = SOURCE_ROOT; };
		FF26135564BD43FB9D25AE8E /* /Users/admin/area67/ConcurrentMerkle/sha256.h */ = {isa = PBXFileReference; explicitFileType = sourcecode.c.h; fileEncoding = 4; name = sha256.h; path = sha256.h; sourceTree = SOURCE_ROOT; };
/* End PBXFileReference section */

/* Begin PBXGroup section */
		07572032F28C49D9B9C218CC = {
			isa = PBXGroup;
			children = (
				37FF9D26461249D6896311CC /* SetVerifier */,
				F578AD3D528D4469BEB55B6E /* ConcurrentMerkle */,
				FBC824678B944FC8AFF47F2C /* ALL_BUILD */,
				83E58C163F6B43AFB445C5CD /* Products */,
			);
			sourceTree = "<group>";
		};
		377B9D5FAF944BE1ADA788B8 /* Header Files */ = {
			isa = PBXGroup;
			children = (
				4EA4FE2EF2A74580AEF3C86D /* /Users/admin/area67/ConcurrentMerkle/MerkleTreeVerifier.h */,
				9553DB27025D47C5A4FC2EAC /* /Users/admin/area67/ConcurrentMerkle/md5.h */,
				92BB613E452B45F7BBA920C8 /* /Users/admin/area67/ConcurrentMerkle/sha256.h */,
			);
			name = "Header Files";
			sourceTree = "<group>";
		};
		37FF9D26461249D6896311CC /* SetVerifier */ = {
			isa = PBXGroup;
			children = (
				DE0497A9624F428C9BBAAA40 /* Source Files */,
				377B9D5FAF944BE1ADA788B8 /* Header Files */,
				0A709A33A8DA4931B40ED2BB /* /Users/admin/area67/ConcurrentMerkle/CMakeLists.txt */,
			);
			name = SetVerifier;
			sourceTree = "<group>";
		};
		83E58C163F6B43AFB445C5CD /* Products */ = {
			isa = PBXGroup;
			children = (
				E130464C04B1457AA850E348 /* ConcurrentMerkle */,
				D3A528B220874D838296617E /* SetVerifier */,
			);
			name = Products;
			sourceTree = "<group>";
		};
		A68E37055A584D9BAC4DFA74 /* Header Files */ = {
			isa = PBXGroup;
			children = (
				175A1DDA55264B7DA6338672 /* /Users/admin/area67/ConcurrentMerkle/MerkleTree.h */,
				D24B73DBB023424EB92C3924 /* /Users/admin/area67/ConcurrentMerkle/md5.h */,
				FF26135564BD43FB9D25AE8E /* /Users/admin/area67/ConcurrentMerkle/sha256.h */,
			);
			name = "Header Files";
			sourceTree = "<group>";
		};
		D291B8A9A7E246EA9B578324 /* Source Files */ = {
			isa = PBXGroup;
			children = (
				672D62DA901B4B7295AF7C3B /* /Users/admin/area67/ConcurrentMerkle/main.cpp */,
				FD10B1F5BE1F4A6D95FD98BE /* /Users/admin/area67/ConcurrentMerkle/md5.cpp */,
				51F205B892F5489D88D6916F /* /Users/admin/area67/ConcurrentMerkle/setMain.cpp */,
				0F0698C78DBD4E27A6A908E7 /* /Users/admin/area67/ConcurrentMerkle/sha256.cpp */,
			);
			name = "Source Files";
			sourceTree = "<group>";
		};
		D774079513EB4C42A7C2D39A /* CMake Rules */ = {
			isa = PBXGroup;
			children = (
			);
			name = "CMake Rules";
			sourceTree = "<group>";
		};
		DE0497A9624F428C9BBAAA40 /* Source Files */ = {
			isa = PBXGroup;
			children = (
				C8A72E8CCE174B4985A72CF0 /* /Users/admin/area67/ConcurrentMerkle/md5.cpp */,
				A808D7A3597842D8BB2B69F2 /* /Users/admin/area67/ConcurrentMerkle/setMain.cpp */,
				921A61769FAB400C8A57B412 /* /Users/admin/area67/ConcurrentMerkle/sha256.cpp */,
			);
			name = "Source Files";
			sourceTree = "<group>";
		};
		F578AD3D528D4469BEB55B6E /* ConcurrentMerkle */ = {
			isa = PBXGroup;
			children = (
				D291B8A9A7E246EA9B578324 /* Source Files */,
				A68E37055A584D9BAC4DFA74 /* Header Files */,
				5DB4591CE55848F2B6EACB49 /* /Users/admin/area67/ConcurrentMerkle/CMakeLists.txt */,
			);
			name = ConcurrentMerkle;
			sourceTree = "<group>";
		};
		FBC824678B944FC8AFF47F2C /* ALL_BUILD */ = {
			isa = PBXGroup;
			children = (
				D774079513EB4C42A7C2D39A /* CMake Rules */,
				C700EA3A67FD46D7BEA89EFE /* /Users/admin/area67/ConcurrentMerkle/CMakeLists.txt */,
			);
			name = ALL_BUILD;
			sourceTree = "<group>";
		};
/* End PBXGroup section */

/* Begin PBXNativeTarget section */
		25F6F2273FAB4C1C9E3F385F /* SetVerifier */ = {
			isa = PBXNativeTarget;
			buildConfigurationList = E0F1C261B7D34317A53158A4 /* Build configuration list for PBXNativeTarget "SetVerifier" */;
			buildPhases = (
				8BDBF09434664745914C0FF2 /* Sources */,
			);
			buildRules = (
			);
			dependencies = (
				9ED96EA4DB87499788345410 /* PBXTargetDependency */,
			);
			name = SetVerifier;
			productName = SetVerifier;
			productReference = D3A528B220874D838296617E /* SetVerifier */;
			productType = "com.apple.product-type.tool";
		};
		C63E39B7BF494DED896AFFC2 /* ConcurrentMerkle */ = {
			isa = PBXNativeTarget;
			buildConfigurationList = 9E96C8E470334F229CD97704 /* Build configuration list for PBXNativeTarget "ConcurrentMerkle" */;
			buildPhases = (
				A63B3A732F844B3A9704601E /* Sources */,
			);
			buildRules = (
			);
			dependencies = (
				788CBF91E51A41D4817C6394 /* PBXTargetDependency */,
			);
			name = ConcurrentMerkle;
			productName = ConcurrentMerkle;
			productReference = E130464C04B1457AA850E348 /* ConcurrentMerkle */;
			productType = "com.apple.product-type.tool";
		};
/* End PBXNativeTarget section */

/* Begin PBXProject section */
		E0F34CC096F64D3DA7E1C1B6 /* Project object */ = {
			isa = PBXProject;
			attributes = {
				BuildIndependentTargetsInParallel = YES;
				LastUpgradeCheck = 1140;
			};
			buildConfigurationList = E06416DADD7547049FB12F62 /* Build configuration list for PBXProject "ConcurrentMerkle" */;
			buildSettings = {
			};
			buildStyles = (
				D14298BE8AEF40C1BA8BC879 /* Debug */,
				B0FD8A8E8E624E74A101845A /* Release */,
				B4A28BC003AB406C9E3C7452 /* MinSizeRel */,
				2C2B4209318444FC984D9363 /* RelWithDebInfo */,
			);
			compatibilityVersion = "Xcode 3.2";
			hasScannedForEncodings = 0;
			mainGroup = 07572032F28C49D9B9C218CC;
			projectDirPath = ../;
			projectRoot = "";
			targets = (
				52E3E7491C90415E8F927004 /* ALL_BUILD */,
				C63E39B7BF494DED896AFFC2 /* ConcurrentMerkle */,
				25F6F2273FAB4C1C9E3F385F /* SetVerifier */,
				8B0DE4DB5B4A4CC68599EB64 /* ZERO_CHECK */,
			);
		};
/* End PBXProject section */

/* Begin PBXShellScriptBuildPhase section */
		07168E958E3B4FD1B4C6CC6D = {
			isa = PBXShellScriptBuildPhase;
			buildActionMask = 2147483647;
			files = (
			);
			inputPaths = (
			);
			outputPaths = (
			);
			runOnlyForDeploymentPostprocessing = 0;
			shellPath = /bin/sh;
			shellScript = "# shell script goes here
exit 0";
			showEnvVarsInLog = 0;
		};
		1170344E23454462879265B1 = {
			isa = PBXShellScriptBuildPhase;
			buildActionMask = 2147483647;
			files = (
			);
			inputPaths = (
			);
			outputPaths = (
			);
			runOnlyForDeploymentPostprocessing = 0;
			shellPath = /bin/sh;
			shellScript = "# shell script goes here
exit 0";
			showEnvVarsInLog = 0;
		};
		13D11A6149CA4FEB9EEAECAC /* CMake Rules */ = {
			isa = PBXShellScriptBuildPhase;
			buildActionMask = 2147483647;
			files = (
			);
			name = "CMake Rules";
			runOnlyForDeploymentPostprocessing = 0;
			shellPath = /bin/sh;
			shellScript = "make -C /Users/admin/area67/ConcurrentMerkle/_build -f /Users/admin/area67/ConcurrentMerkle/_build/CMakeScripts/ZERO_CHECK_cmakeRulesBuildPhase.make$CONFIGURATION OBJDIR=$(basename \"$OBJECT_FILE_DIR_normal\") all";
			showEnvVarsInLog = 0;
		};
		43131D39238E48E987101E62 /* CMake Rules */ = {
			isa = PBXShellScriptBuildPhase;
			buildActionMask = 2147483647;
			files = (
			);
			name = "CMake Rules";
			runOnlyForDeploymentPostprocessing = 0;
			shellPath = /bin/sh;
			shellScript = "make -C /Users/admin/area67/ConcurrentMerkle/_build -f /Users/admin/area67/ConcurrentMerkle/_build/CMakeScripts/ALL_BUILD_cmakeRulesBuildPhase.make$CONFIGURATION OBJDIR=$(basename \"$OBJECT_FILE_DIR_normal\") all";
			showEnvVarsInLog = 0;
		};
/* End PBXShellScriptBuildPhase section */

/* Begin PBXSourcesBuildPhase section */
		8BDBF09434664745914C0FF2 /* Sources */ = {
			isa = PBXSourcesBuildPhase;
			buildActionMask = 2147483647;
			files = (
				1716E9876850451BA2149077 /* /Users/admin/area67/ConcurrentMerkle/md5.cpp */,
				695FDE85523041FA99F63C7C /* /Users/admin/area67/ConcurrentMerkle/setMain.cpp */,
				998B099267E14889A79E07EB /* /Users/admin/area67/ConcurrentMerkle/sha256.cpp */,
			);
			runOnlyForDeploymentPostprocessing = 0;
		};
		A63B3A732F844B3A9704601E /* Sources */ = {
			isa = PBXSourcesBuildPhase;
			buildActionMask = 2147483647;
			files = (
				29340DDC993E40B9B477C39C /* /Users/admin/area67/ConcurrentMerkle/main.cpp */,
				D3E2C6987FA34DD883A4F394 /* /Users/admin/area67/ConcurrentMerkle/md5.cpp */,
				432911712B134421AEEA7775 /* /Users/admin/area67/ConcurrentMerkle/setMain.cpp */,
				D6017A0DD52C47D9A3388585 /* /Users/admin/area67/ConcurrentMerkle/sha256.cpp */,
			);
			runOnlyForDeploymentPostprocessing = 0;
		};
/* End PBXSourcesBuildPhase section */

/* Begin PBXTargetDependency section */
		1520DEDEE38E43E8A36180E5 /* PBXTargetDependency */ = {
			isa = PBXTargetDependency;
			target = 8B0DE4DB5B4A4CC68599EB64 /* ZERO_CHECK */;
			targetProxy = 3DA8806B62944330AEBD893E /* PBXContainerItemProxy */;
		};
		1E5D5F5DDFC14B5B962C5B18 /* PBXTargetDependency */ = {
			isa = PBXTargetDependency;
			target = 25F6F2273FAB4C1C9E3F385F /* SetVerifier */;
			targetProxy = 2D91948F79914D7BBFFE83AC /* PBXContainerItemProxy */;
		};
		788CBF91E51A41D4817C6394 /* PBXTargetDependency */ = {
			isa = PBXTargetDependency;
			target = 8B0DE4DB5B4A4CC68599EB64 /* ZERO_CHECK */;
			targetProxy = 4DB01FAF6D0E4FC29085D459 /* PBXContainerItemProxy */;
		};
		9ED96EA4DB87499788345410 /* PBXTargetDependency */ = {
			isa = PBXTargetDependency;
			target = 8B0DE4DB5B4A4CC68599EB64 /* ZERO_CHECK */;
			targetProxy = 7A5556246EEC49E7AA16738A /* PBXContainerItemProxy */;
		};
		AED1972B5A34412BA11D8BCC /* PBXTargetDependency */ = {
			isa = PBXTargetDependency;
			target = C63E39B7BF494DED896AFFC2 /* ConcurrentMerkle */;
			targetProxy = E826FF94446A412CA7FF3357 /* PBXContainerItemProxy */;
		};
/* End PBXTargetDependency section */

/* Begin XCBuildConfiguration section */
		0119DF4E6BCD4D129D05EFA4 /* Release */ = {
			isa = XCBuildConfiguration;
			buildSettings = {
				ONLY_ACTIVE_ARCH = YES;
				SDKROOT = /Applications/Xcode.app/Contents/Developer/Platforms/MacOSX.platform/Developer/SDKs/MacOSX10.15.sdk;
				SYMROOT = /Users/admin/area67/ConcurrentMerkle/_build/build;
			};
			name = Release;
		};
		124F5B138BDD4EDFA29FDE85 /* Debug */ = {
			isa = XCBuildConfiguration;
			buildSettings = {
				COMBINE_HIDPI_IMAGES = YES;
				EXECUTABLE_PREFIX = "";
				EXECUTABLE_SUFFIX = "";
				GCC_GENERATE_DEBUGGING_SYMBOLS = YES;
				GCC_INLINES_ARE_PRIVATE_EXTERN = NO;
				GCC_OPTIMIZATION_LEVEL = 0;
				GCC_PREPROCESSOR_DEFINITIONS = ("'CMAKE_INTDIR=\"$(CONFIGURATION)$(EFFECTIVE_PLATFORM_NAME)\"'");
				GCC_SYMBOLS_PRIVATE_EXTERN = NO;
				HEADER_SEARCH_PATHS = (/usr/local/include);
				INSTALL_PATH = "";
				LIBRARY_SEARCH_PATHS = "";
				OTHER_CPLUSPLUSFLAGS = "   '-std=gnu++2a'  ";
				OTHER_LDFLAGS = " -Wl,-search_paths_first -Wl,-headerpad_max_install_names  ";
				OTHER_REZFLAGS = "";
				PRODUCT_NAME = ConcurrentMerkle;
				SECTORDER_FLAGS = "";
				SYMROOT = /Users/admin/area67/ConcurrentMerkle/_build;
				USE_HEADERMAP = NO;
				WARNING_CFLAGS = ("-Wmost","-Wno-four-char-constants","-Wno-unknown-pragmas","$(inherited)");
			};
			name = Debug;
		};
		17AA4750C0204F9BA34A3A3F /* Debug */ = {
			isa = XCBuildConfiguration;
			buildSettings = {
				ONLY_ACTIVE_ARCH = YES;
				SDKROOT = /Applications/Xcode.app/Contents/Developer/Platforms/MacOSX.platform/Developer/SDKs/MacOSX10.15.sdk;
				SYMROOT = /Users/admin/area67/ConcurrentMerkle/_build/build;
			};
			name = Debug;
		};
		1E78F1969B494A3A9F3044DA /* MinSizeRel */ = {
			isa = XCBuildConfiguration;
			buildSettings = {
				COMBINE_HIDPI_IMAGES = YES;
				EXECUTABLE_PREFIX = "";
				EXECUTABLE_SUFFIX = "";
				GCC_GENERATE_DEBUGGING_SYMBOLS = NO;
				GCC_INLINES_ARE_PRIVATE_EXTERN = NO;
				GCC_OPTIMIZATION_LEVEL = s;
				GCC_PREPROCESSOR_DEFINITIONS = ("'CMAKE_INTDIR=\"$(CONFIGURATION)$(EFFECTIVE_PLATFORM_NAME)\"'");
				GCC_SYMBOLS_PRIVATE_EXTERN = NO;
				HEADER_SEARCH_PATHS = (/usr/local/include);
				INSTALL_PATH = "";
				LIBRARY_SEARCH_PATHS = "";
				OTHER_CPLUSPLUSFLAGS = "    -DNDEBUG '-std=gnu++2a'  ";
				OTHER_LDFLAGS = " -Wl,-search_paths_first -Wl,-headerpad_max_install_names  ";
				OTHER_REZFLAGS = "";
				PRODUCT_NAME = SetVerifier;
				SECTORDER_FLAGS = "";
				SYMROOT = /Users/admin/area67/ConcurrentMerkle/_build;
				USE_HEADERMAP = NO;
				WARNING_CFLAGS = ("-Wmost","-Wno-four-char-constants","-Wno-unknown-pragmas","$(inherited)");
			};
			name = MinSizeRel;
		};
		3B20F703E9664B0B85B73F9D /* RelWithDebInfo */ = {
			isa = XCBuildConfiguration;
			buildSettings = {
				COMBINE_HIDPI_IMAGES = YES;
				EXECUTABLE_PREFIX = "";
				EXECUTABLE_SUFFIX = "";
				GCC_GENERATE_DEBUGGING_SYMBOLS = YES;
				GCC_INLINES_ARE_PRIVATE_EXTERN = NO;
				GCC_OPTIMIZATION_LEVEL = 2;
				GCC_PREPROCESSOR_DEFINITIONS = ("'CMAKE_INTDIR=\"$(CONFIGURATION)$(EFFECTIVE_PLATFORM_NAME)\"'");
				GCC_SYMBOLS_PRIVATE_EXTERN = NO;
				HEADER_SEARCH_PATHS = (/usr/local/include);
				INSTALL_PATH = "";
				LIBRARY_SEARCH_PATHS = "";
				OTHER_CPLUSPLUSFLAGS = "       -DNDEBUG '-std=gnu++2a'  ";
				OTHER_LDFLAGS = " -Wl,-search_paths_first -Wl,-headerpad_max_install_names  ";
				OTHER_REZFLAGS = "";
				PRODUCT_NAME = SetVerifier;
				SECTORDER_FLAGS = "";
				SYMROOT = /Users/admin/area67/ConcurrentMerkle/_build;
				USE_HEADERMAP = NO;
				WARNING_CFLAGS = ("-Wmost","-Wno-four-char-constants","-Wno-unknown-pragmas","$(inherited)");
			};
			name = RelWithDebInfo;
		};
		4885D0E22D09454093324029 /* Debug */ = {
			isa = XCBuildConfiguration;
			buildSettings = {
				COMBINE_HIDPI_IMAGES = YES;
				EXECUTABLE_PREFIX = "";
				EXECUTABLE_SUFFIX = "";
				GCC_GENERATE_DEBUGGING_SYMBOLS = YES;
				GCC_INLINES_ARE_PRIVATE_EXTERN = NO;
				GCC_OPTIMIZATION_LEVEL = 0;
				GCC_PREPROCESSOR_DEFINITIONS = ("'CMAKE_INTDIR=\"$(CONFIGURATION)$(EFFECTIVE_PLATFORM_NAME)\"'");
				GCC_SYMBOLS_PRIVATE_EXTERN = NO;
				HEADER_SEARCH_PATHS = (/usr/local/include);
				INSTALL_PATH = "";
				LIBRARY_SEARCH_PATHS = "";
				OTHER_CPLUSPLUSFLAGS = "   '-std=gnu++2a'  ";
				OTHER_LDFLAGS = " -Wl,-search_paths_first -Wl,-headerpad_max_install_names  ";
				OTHER_REZFLAGS = "";
				PRODUCT_NAME = SetVerifier;
				SECTORDER_FLAGS = "";
				SYMROOT = /Users/admin/area67/ConcurrentMerkle/_build;
				USE_HEADERMAP = NO;
				WARNING_CFLAGS = ("-Wmost","-Wno-four-char-constants","-Wno-unknown-pragmas","$(inherited)");
			};
			name = Debug;
		};
		6690EC3991DC49CC8290DD12 /* Release */ = {
			isa = XCBuildConfiguration;
			buildSettings = {
				COMBINE_HIDPI_IMAGES = YES;
				GCC_GENERATE_DEBUGGING_SYMBOLS = YES;
				GCC_INLINES_ARE_PRIVATE_EXTERN = NO;
				GCC_OPTIMIZATION_LEVEL = 0;
				GCC_PREPROCESSOR_DEFINITIONS = ("'CMAKE_INTDIR=\"$(CONFIGURATION)$(EFFECTIVE_PLATFORM_NAME)\"'");
				GCC_SYMBOLS_PRIVATE_EXTERN = NO;
				INSTALL_PATH = "";
				OTHER_LDFLAGS = " ";
				OTHER_REZFLAGS = "";
				PRODUCT_NAME = ALL_BUILD;
				SECTORDER_FLAGS = "";
				SYMROOT = /Users/admin/area67/ConcurrentMerkle/_build;
				USE_HEADERMAP = NO;
				WARNING_CFLAGS = ("-Wmost","-Wno-four-char-constants","-Wno-unknown-pragmas","$(inherited)");
			};
			name = Release;
		};
		6D6F809ED3E84264A7A8DA6A /* RelWithDebInfo */ = {
			isa = XCBuildConfiguration;
			buildSettings = {
				ONLY_ACTIVE_ARCH = YES;
				SDKROOT = /Applications/Xcode.app/Contents/Developer/Platforms/MacOSX.platform/Developer/SDKs/MacOSX10.15.sdk;
				SYMROOT = /Users/admin/area67/ConcurrentMerkle/_build/build;
			};
			name = RelWithDebInfo;
		};
		77E117CDE4544D8A8A9DB437 /* RelWithDebInfo */ = {
			isa = XCBuildConfiguration;
			buildSettings = {
				COMBINE_HIDPI_IMAGES = YES;
				GCC_GENERATE_DEBUGGING_SYMBOLS = YES;
				GCC_INLINES_ARE_PRIVATE_EXTERN = NO;
				GCC_OPTIMIZATION_LEVEL = 0;
				GCC_PREPROCESSOR_DEFINITIONS = ("'CMAKE_INTDIR=\"$(CONFIGURATION)$(EFFECTIVE_PLATFORM_NAME)\"'");
				GCC_SYMBOLS_PRIVATE_EXTERN = NO;
				INSTALL_PATH = "";
				OTHER_LDFLAGS = " ";
				OTHER_REZFLAGS = "";
				PRODUCT_NAME = ALL_BUILD;
				SECTORDER_FLAGS = "";
				SYMROOT = /Users/admin/area67/ConcurrentMerkle/_build;
				USE_HEADERMAP = NO;
				WARNING_CFLAGS = ("-Wmost","-Wno-four-char-constants","-Wno-unknown-pragmas","$(inherited)");
			};
			name = RelWithDebInfo;
		};
		91B13BCB2C4A4FB59E6363D1 /* MinSizeRel */ = {
			isa = XCBuildConfiguration;
			buildSettings = {
				COMBINE_HIDPI_IMAGES = YES;
				GCC_GENERATE_DEBUGGING_SYMBOLS = YES;
				GCC_INLINES_ARE_PRIVATE_EXTERN = NO;
				GCC_OPTIMIZATION_LEVEL = 0;
				GCC_PREPROCESSOR_DEFINITIONS = ("'CMAKE_INTDIR=\"$(CONFIGURATION)$(EFFECTIVE_PLATFORM_NAME)\"'");
				GCC_SYMBOLS_PRIVATE_EXTERN = NO;
				INSTALL_PATH = "";
				OTHER_LDFLAGS = " ";
				OTHER_REZFLAGS = "";
				PRODUCT_NAME = ALL_BUILD;
				SECTORDER_FLAGS = "";
				SYMROOT = /Users/admin/area67/ConcurrentMerkle/_build;
				USE_HEADERMAP = NO;
				WARNING_CFLAGS = ("-Wmost","-Wno-four-char-constants","-Wno-unknown-pragmas","$(inherited)");
			};
			name = MinSizeRel;
		};
		942D774A6F7743DDBFC7AD59 /* Release */ = {
			isa = XCBuildConfiguration;
			buildSettings = {
				COMBINE_HIDPI_IMAGES = YES;
				GCC_GENERATE_DEBUGGING_SYMBOLS = YES;
				GCC_INLINES_ARE_PRIVATE_EXTERN = NO;
				GCC_OPTIMIZATION_LEVEL = 0;
				GCC_PREPROCESSOR_DEFINITIONS = ("'CMAKE_INTDIR=\"$(CONFIGURATION)$(EFFECTIVE_PLATFORM_NAME)\"'");
				GCC_SYMBOLS_PRIVATE_EXTERN = NO;
				INSTALL_PATH = "";
				OTHER_LDFLAGS = " ";
				OTHER_REZFLAGS = "";
				PRODUCT_NAME = ZERO_CHECK;
				SECTORDER_FLAGS = "";
				SYMROOT = /Users/admin/area67/ConcurrentMerkle/_build;
				USE_HEADERMAP = NO;
				WARNING_CFLAGS = ("-Wmost","-Wno-four-char-constants","-Wno-unknown-pragmas","$(inherited)");
			};
			name = Release;
		};
		98C11B11EE374B298DD740C1 /* MinSizeRel */ = {
			isa = XCBuildConfiguration;
			buildSettings = {
				ONLY_ACTIVE_ARCH = YES;
				SDKROOT = /Applications/Xcode.app/Contents/Developer/Platforms/MacOSX.platform/Developer/SDKs/MacOSX10.15.sdk;
				SYMROOT = /Users/admin/area67/ConcurrentMerkle/_build/build;
			};
			name = MinSizeRel;
		};
		9FFFCB8154624F54936F07BD /* Debug */ = {
			isa = XCBuildConfiguration;
			buildSettings = {
				COMBINE_HIDPI_IMAGES = YES;
				GCC_GENERATE_DEBUGGING_SYMBOLS = YES;
				GCC_INLINES_ARE_PRIVATE_EXTERN = NO;
				GCC_OPTIMIZATION_LEVEL = 0;
				GCC_PREPROCESSOR_DEFINITIONS = ("'CMAKE_INTDIR=\"$(CONFIGURATION)$(EFFECTIVE_PLATFORM_NAME)\"'");
				GCC_SYMBOLS_PRIVATE_EXTERN = NO;
				INSTALL_PATH = "";
				OTHER_LDFLAGS = " ";
				OTHER_REZFLAGS = "";
				PRODUCT_NAME = ZERO_CHECK;
				SECTORDER_FLAGS = "";
				SYMROOT = /Users/admin/area67/ConcurrentMerkle/_build;
				USE_HEADERMAP = NO;
				WARNING_CFLAGS = ("-Wmost","-Wno-four-char-constants","-Wno-unknown-pragmas","$(inherited)");
			};
			name = Debug;
		};
		BB4E0747592A4E75ACA7FEC9 /* MinSizeRel */ = {
			isa = XCBuildConfiguration;
			buildSettings = {
				COMBINE_HIDPI_IMAGES = YES;
				GCC_GENERATE_DEBUGGING_SYMBOLS = YES;
				GCC_INLINES_ARE_PRIVATE_EXTERN = NO;
				GCC_OPTIMIZATION_LEVEL = 0;
				GCC_PREPROCESSOR_DEFINITIONS = ("'CMAKE_INTDIR=\"$(CONFIGURATION)$(EFFECTIVE_PLATFORM_NAME)\"'");
				GCC_SYMBOLS_PRIVATE_EXTERN = NO;
				INSTALL_PATH = "";
				OTHER_LDFLAGS = " ";
				OTHER_REZFLAGS = "";
				PRODUCT_NAME = ZERO_CHECK;
				SECTORDER_FLAGS = "";
				SYMROOT = /Users/admin/area67/ConcurrentMerkle/_build;
				USE_HEADERMAP = NO;
				WARNING_CFLAGS = ("-Wmost","-Wno-four-char-constants","-Wno-unknown-pragmas","$(inherited)");
			};
			name = MinSizeRel;
		};
		C42C133FA4BB4785A9137723 /* Debug */ = {
			isa = XCBuildConfiguration;
			buildSettings = {
				COMBINE_HIDPI_IMAGES = YES;
				GCC_GENERATE_DEBUGGING_SYMBOLS = YES;
				GCC_INLINES_ARE_PRIVATE_EXTERN = NO;
				GCC_OPTIMIZATION_LEVEL = 0;
				GCC_PREPROCESSOR_DEFINITIONS = ("'CMAKE_INTDIR=\"$(CONFIGURATION)$(EFFECTIVE_PLATFORM_NAME)\"'");
				GCC_SYMBOLS_PRIVATE_EXTERN = NO;
				INSTALL_PATH = "";
				OTHER_LDFLAGS = " ";
				OTHER_REZFLAGS = "";
				PRODUCT_NAME = ALL_BUILD;
				SECTORDER_FLAGS = "";
				SYMROOT = /Users/admin/area67/ConcurrentMerkle/_build;
				USE_HEADERMAP = NO;
				WARNING_CFLAGS = ("-Wmost","-Wno-four-char-constants","-Wno-unknown-pragmas","$(inherited)");
			};
			name = Debug;
		};
		D352C5D3AE9E46B4A92B658B /* RelWithDebInfo */ = {
			isa = XCBuildConfiguration;
			buildSettings = {
				COMBINE_HIDPI_IMAGES = YES;
				GCC_GENERATE_DEBUGGING_SYMBOLS = YES;
				GCC_INLINES_ARE_PRIVATE_EXTERN = NO;
				GCC_OPTIMIZATION_LEVEL = 0;
				GCC_PREPROCESSOR_DEFINITIONS = ("'CMAKE_INTDIR=\"$(CONFIGURATION)$(EFFECTIVE_PLATFORM_NAME)\"'");
				GCC_SYMBOLS_PRIVATE_EXTERN = NO;
				INSTALL_PATH = "";
				OTHER_LDFLAGS = " ";
				OTHER_REZFLAGS = "";
				PRODUCT_NAME = ZERO_CHECK;
				SECTORDER_FLAGS = "";
				SYMROOT = /Users/admin/area67/ConcurrentMerkle/_build;
				USE_HEADERMAP = NO;
				WARNING_CFLAGS = ("-Wmost","-Wno-four-char-constants","-Wno-unknown-pragmas","$(inherited)");
			};
			name = RelWithDebInfo;
		};
		DA8A0DEAB83240479E5F4C74 /* RelWithDebInfo */ = {
			isa = XCBuildConfiguration;
			buildSettings = {
				COMBINE_HIDPI_IMAGES = YES;
				EXECUTABLE_PREFIX = "";
				EXECUTABLE_SUFFIX = "";
				GCC_GENERATE_DEBUGGING_SYMBOLS = YES;
				GCC_INLINES_ARE_PRIVATE_EXTERN = NO;
				GCC_OPTIMIZATION_LEVEL = 2;
				GCC_PREPROCESSOR_DEFINITIONS = ("'CMAKE_INTDIR=\"$(CONFIGURATION)$(EFFECTIVE_PLATFORM_NAME)\"'");
				GCC_SYMBOLS_PRIVATE_EXTERN = NO;
				HEADER_SEARCH_PATHS = (/usr/local/include);
				INSTALL_PATH = "";
				LIBRARY_SEARCH_PATHS = "";
				OTHER_CPLUSPLUSFLAGS = "       -DNDEBUG '-std=gnu++2a'  ";
				OTHER_LDFLAGS = " -Wl,-search_paths_first -Wl,-headerpad_max_install_names  ";
				OTHER_REZFLAGS = "";
				PRODUCT_NAME = ConcurrentMerkle;
				SECTORDER_FLAGS = "";
				SYMROOT = /Users/admin/area67/ConcurrentMerkle/_build;
				USE_HEADERMAP = NO;
				WARNING_CFLAGS = ("-Wmost","-Wno-four-char-constants","-Wno-unknown-pragmas","$(inherited)");
			};
			name = RelWithDebInfo;
		};
		EEA06ABDB94447A7BF2170BD /* MinSizeRel */ = {
			isa = XCBuildConfiguration;
			buildSettings = {
				COMBINE_HIDPI_IMAGES = YES;
				EXECUTABLE_PREFIX = "";
				EXECUTABLE_SUFFIX = "";
				GCC_GENERATE_DEBUGGING_SYMBOLS = NO;
				GCC_INLINES_ARE_PRIVATE_EXTERN = NO;
				GCC_OPTIMIZATION_LEVEL = s;
				GCC_PREPROCESSOR_DEFINITIONS = ("'CMAKE_INTDIR=\"$(CONFIGURATION)$(EFFECTIVE_PLATFORM_NAME)\"'");
				GCC_SYMBOLS_PRIVATE_EXTERN = NO;
				HEADER_SEARCH_PATHS = (/usr/local/include);
				INSTALL_PATH = "";
				LIBRARY_SEARCH_PATHS = "";
				OTHER_CPLUSPLUSFLAGS = "    -DNDEBUG '-std=gnu++2a'  ";
				OTHER_LDFLAGS = " -Wl,-search_paths_first -Wl,-headerpad_max_install_names  ";
				OTHER_REZFLAGS = "";
				PRODUCT_NAME = ConcurrentMerkle;
				SECTORDER_FLAGS = "";
				SYMROOT = /Users/admin/area67/ConcurrentMerkle/_build;
				USE_HEADERMAP = NO;
				WARNING_CFLAGS = ("-Wmost","-Wno-four-char-constants","-Wno-unknown-pragmas","$(inherited)");
			};
			name = MinSizeRel;
		};
		F903B9AE48F742359B0DADDF /* Release */ = {
			isa = XCBuildConfiguration;
			buildSettings = {
				COMBINE_HIDPI_IMAGES = YES;
				EXECUTABLE_PREFIX = "";
				EXECUTABLE_SUFFIX = "";
				GCC_GENERATE_DEBUGGING_SYMBOLS = NO;
				GCC_INLINES_ARE_PRIVATE_EXTERN = NO;
				GCC_OPTIMIZATION_LEVEL = 3;
				GCC_PREPROCESSOR_DEFINITIONS = ("'CMAKE_INTDIR=\"$(CONFIGURATION)$(EFFECTIVE_PLATFORM_NAME)\"'");
				GCC_SYMBOLS_PRIVATE_EXTERN = NO;
				HEADER_SEARCH_PATHS = (/usr/local/include);
				INSTALL_PATH = "";
				LIBRARY_SEARCH_PATHS = "";
				OTHER_CPLUSPLUSFLAGS = "    -DNDEBUG '-std=gnu++2a'  ";
				OTHER_LDFLAGS = " -Wl,-search_paths_first -Wl,-headerpad_max_install_names  ";
				OTHER_REZFLAGS = "";
				PRODUCT_NAME = ConcurrentMerkle;
				SECTORDER_FLAGS = "";
				SYMROOT = /Users/admin/area67/ConcurrentMerkle/_build;
				USE_HEADERMAP = NO;
				WARNING_CFLAGS = ("-Wmost","-Wno-four-char-constants","-Wno-unknown-pragmas","$(inherited)");
			};
			name = Release;
		};
		FC26A53953084AC59E7BEE28 /* Release */ = {
			isa = XCBuildConfiguration;
			buildSettings = {
				COMBINE_HIDPI_IMAGES = YES;
				EXECUTABLE_PREFIX = "";
				EXECUTABLE_SUFFIX = "";
				GCC_GENERATE_DEBUGGING_SYMBOLS = NO;
				GCC_INLINES_ARE_PRIVATE_EXTERN = NO;
				GCC_OPTIMIZATION_LEVEL = 3;
				GCC_PREPROCESSOR_DEFINITIONS = ("'CMAKE_INTDIR=\"$(CONFIGURATION)$(EFFECTIVE_PLATFORM_NAME)\"'");
				GCC_SYMBOLS_PRIVATE_EXTERN = NO;
				HEADER_SEARCH_PATHS = (/usr/local/include);
				INSTALL_PATH = "";
				LIBRARY_SEARCH_PATHS = "";
				OTHER_CPLUSPLUSFLAGS = "    -DNDEBUG '-std=gnu++2a'  ";
				OTHER_LDFLAGS = " -Wl,-search_paths_first -Wl,-headerpad_max_install_names  ";
				OTHER_REZFLAGS = "";
				PRODUCT_NAME = SetVerifier;
				SECTORDER_FLAGS = "";
				SYMROOT = /Users/admin/area67/ConcurrentMerkle/_build;
				USE_HEADERMAP = NO;
				WARNING_CFLAGS = ("-Wmost","-Wno-four-char-constants","-Wno-unknown-pragmas","$(inherited)");
			};
			name = Release;
		};
/* End XCBuildConfiguration section */

/* Begin XCConfigurationList section */
		0A29C3AD123A4093ADE08A5E /* Build configuration list for PBXAggregateTarget "ZERO_CHECK" */ = {
			isa = XCConfigurationList;
			buildConfigurations = (
				9FFFCB8154624F54936F07BD /* Debug */,
				942D774A6F7743DDBFC7AD59 /* Release */,
				BB4E0747592A4E75ACA7FEC9 /* MinSizeRel */,
				D352C5D3AE9E46B4A92B658B /* RelWithDebInfo */,
			);
			defaultConfigurationIsVisible = 0;
			defaultConfigurationName = Debug;
		};
		7B9EA48DF4CD4305B7293F3A /* Build configuration list for PBXAggregateTarget "ALL_BUILD" */ = {
			isa = XCConfigurationList;
			buildConfigurations = (
				C42C133FA4BB4785A9137723 /* Debug */,
				6690EC3991DC49CC8290DD12 /* Release */,
				91B13BCB2C4A4FB59E6363D1 /* MinSizeRel */,
				77E117CDE4544D8A8A9DB437 /* RelWithDebInfo */,
			);
			defaultConfigurationIsVisible = 0;
			defaultConfigurationName = Debug;
		};
		9E96C8E470334F229CD97704 /* Build configuration list for PBXNativeTarget "ConcurrentMerkle" */ = {
			isa = XCConfigurationList;
			buildConfigurations = (
				124F5B138BDD4EDFA29FDE85 /* Debug */,
				F903B9AE48F742359B0DADDF /* Release */,
				EEA06ABDB94447A7BF2170BD /* MinSizeRel */,
				DA8A0DEAB83240479E5F4C74 /* RelWithDebInfo */,
			);
			defaultConfigurationIsVisible = 0;
			defaultConfigurationName = Debug;
		};
		E06416DADD7547049FB12F62 /* Build configuration list for PBXProject "ConcurrentMerkle" */ = {
			isa = XCConfigurationList;
			buildConfigurations = (
				17AA4750C0204F9BA34A3A3F /* Debug */,
				0119DF4E6BCD4D129D05EFA4 /* Release */,
				98C11B11EE374B298DD740C1 /* MinSizeRel */,
				6D6F809ED3E84264A7A8DA6A /* RelWithDebInfo */,
			);
			defaultConfigurationIsVisible = 0;
			defaultConfigurationName = Debug;
		};
		E0F1C261B7D34317A53158A4 /* Build configuration list for PBXNativeTarget "SetVerifier" */ = {
			isa = XCConfigurationList;
			buildConfigurations = (
				4885D0E22D09454093324029 /* Debug */,
				FC26A53953084AC59E7BEE28 /* Release */,
				1E78F1969B494A3A9F3044DA /* MinSizeRel */,
				3B20F703E9664B0B85B73F9D /* RelWithDebInfo */,
			);
			defaultConfigurationIsVisible = 0;
			defaultConfigurationName = Debug;
		};
/* End XCConfigurationList section */
	};
	rootObject = E0F34CC096F64D3DA7E1C1B6 /* Project object */;
}
