// !$*UTF8*$!
{
	archiveVersion = 1;
	classes = {
	};
	objectVersion = 46;
	objects = {

/* Begin PBXAggregateTarget section */
		52E3E7491C90415E8F927004 /* ALL_BUILD */ = {
			isa = PBXAggregateTarget;
			buildConfigurationList = 6B2F37D5DFAD4A3A8E130BC9 /* Build configuration list for PBXAggregateTarget "ALL_BUILD" */;
			buildPhases = (
				FDFF8FC4049D4438A7B17260 /* CMake Rules */,
			);
			dependencies = (
				7D333E0D45E84F6E86D5E082 /* PBXTargetDependency */,
				497014E6DA934E82A8E1748B /* PBXTargetDependency */,
			);
			name = ALL_BUILD;
			productName = ALL_BUILD;
		};
		8B0DE4DB5B4A4CC68599EB64 /* ZERO_CHECK */ = {
			isa = PBXAggregateTarget;
			buildConfigurationList = 679907B98B8A438083665B3E /* Build configuration list for PBXAggregateTarget "ZERO_CHECK" */;
			buildPhases = (
				E4C88B8191864EE19B7774D2 /* CMake Rules */,
			);
			dependencies = (
			);
			name = ZERO_CHECK;
			productName = ZERO_CHECK;
		};
/* End PBXAggregateTarget section */

/* Begin PBXBuildFile section */
		15D14FEEBCA14C5786F5D10A /* /Users/admin/area67/ConcurrentMerkle/main.cpp */ = {isa = PBXBuildFile; fileRef = 5B3B59FCFC974739B206F640 /* /Users/admin/area67/ConcurrentMerkle/main.cpp */; };
		5B95DBC5229E46E8B925A8F1 /* /Users/admin/area67/ConcurrentMerkle/CMakeLists.txt */ = {isa = PBXBuildFile; fileRef = 5AE474E31B9A47B3A158AF8C /* /Users/admin/area67/ConcurrentMerkle/CMakeLists.txt */; };
		8EBE30CB9C944E15BC7DA92A /* /Users/admin/area67/ConcurrentMerkle/MerkleTree.h */ = {isa = PBXBuildFile; fileRef = 4AC02743F5FA441992D02CF9 /* /Users/admin/area67/ConcurrentMerkle/MerkleTree.h */; };
/* End PBXBuildFile section */

/* Begin PBXBuildStyle section */
		3C97598F6E064D7CAB1FBBF3 /* Release */ = {
			isa = PBXBuildStyle;
			buildSettings = {
				COPY_PHASE_STRIP = NO;
			};
			name = Release;
		};
		C0A5A775C9D145F0978A0F1C /* MinSizeRel */ = {
			isa = PBXBuildStyle;
			buildSettings = {
				COPY_PHASE_STRIP = NO;
			};
			name = MinSizeRel;
		};
		DE70A404BACC4469B75829B0 /* RelWithDebInfo */ = {
			isa = PBXBuildStyle;
			buildSettings = {
				COPY_PHASE_STRIP = NO;
			};
			name = RelWithDebInfo;
		};
		F5EE52E58E5E4F4BBC17EF2E /* Debug */ = {
			isa = PBXBuildStyle;
			buildSettings = {
				COPY_PHASE_STRIP = NO;
			};
			name = Debug;
		};
/* End PBXBuildStyle section */

/* Begin PBXContainerItemProxy section */
		40B793B82F7944BB80A6C412 /* PBXContainerItemProxy */ = {
			isa = PBXContainerItemProxy;
			containerPortal = E0F34CC096F64D3DA7E1C1B6 /* Project object */;
			proxyType = 1;
			remoteGlobalIDString = 8B0DE4DB5B4A4CC68599EB64;
			remoteInfo = ZERO_CHECK;
		};
		4C81A6C706E5441FB930858A /* PBXContainerItemProxy */ = {
			isa = PBXContainerItemProxy;
			containerPortal = E0F34CC096F64D3DA7E1C1B6 /* Project object */;
			proxyType = 1;
			remoteGlobalIDString = 8B0DE4DB5B4A4CC68599EB64;
			remoteInfo = ZERO_CHECK;
		};
		75D8DDB76F2E4ACCA92E003D /* PBXContainerItemProxy */ = {
			isa = PBXContainerItemProxy;
			containerPortal = E0F34CC096F64D3DA7E1C1B6 /* Project object */;
			proxyType = 1;
			remoteGlobalIDString = C63E39B7BF494DED896AFFC2;
			remoteInfo = ConcurrentMerkle;
		};
/* End PBXContainerItemProxy section */

/* Begin PBXFileReference section */
		4AC02743F5FA441992D02CF9 /* /Users/admin/area67/ConcurrentMerkle/MerkleTree.h */ = {isa = PBXFileReference; explicitFileType = sourcecode.c.h; fileEncoding = 4; name = MerkleTree.h; path = MerkleTree.h; sourceTree = SOURCE_ROOT; };
		5AE474E31B9A47B3A158AF8C /* /Users/admin/area67/ConcurrentMerkle/CMakeLists.txt */ = {isa = PBXFileReference; explicitFileType = sourcecode.text; fileEncoding = 4; name = CMakeLists.txt; path = CMakeLists.txt; sourceTree = SOURCE_ROOT; };
		5B3B59FCFC974739B206F640 /* /Users/admin/area67/ConcurrentMerkle/main.cpp */ = {isa = PBXFileReference; explicitFileType = sourcecode.cpp.cpp; fileEncoding = 4; name = main.cpp; path = main.cpp; sourceTree = SOURCE_ROOT; };
		7154A0CB802C4A6FB2C84A41 /* /Users/admin/area67/ConcurrentMerkle/CMakeLists.txt */ = {isa = PBXFileReference; explicitFileType = sourcecode.text; fileEncoding = 4; name = CMakeLists.txt; path = CMakeLists.txt; sourceTree = SOURCE_ROOT; };
		E81A2D6FFE094B1082C6BBA7 /* ConcurrentMerkle */ = {isa = PBXFileReference; explicitFileType = "compiled.mach-o.executable"; path = ConcurrentMerkle; sourceTree = BUILT_PRODUCTS_DIR; };
/* End PBXFileReference section */

/* Begin PBXGroup section */
		009C27000ADA4938ACABA2F2 /* ConcurrentMerkle */ = {
			isa = PBXGroup;
			children = (
				8234E2F2D66C4CD286FBCD10 /* Source Files */,
				25E46F4C48D946D69C944FDF /* Header Files */,
				5AE474E31B9A47B3A158AF8C /* /Users/admin/area67/ConcurrentMerkle/CMakeLists.txt */,
			);
			name = ConcurrentMerkle;
			sourceTree = "<group>";
		};
		25E46F4C48D946D69C944FDF /* Header Files */ = {
			isa = PBXGroup;
			children = (
				4AC02743F5FA441992D02CF9 /* /Users/admin/area67/ConcurrentMerkle/MerkleTree.h */,
			);
			name = "Header Files";
			sourceTree = "<group>";
		};
		5AB59525D19E4AD1B01645FC /* ALL_BUILD */ = {
			isa = PBXGroup;
			children = (
				EF4EDD4769174AC094654DA8 /* CMake Rules */,
				7154A0CB802C4A6FB2C84A41 /* /Users/admin/area67/ConcurrentMerkle/CMakeLists.txt */,
			);
			name = ALL_BUILD;
			sourceTree = "<group>";
		};
		8234E2F2D66C4CD286FBCD10 /* Source Files */ = {
			isa = PBXGroup;
			children = (
				5B3B59FCFC974739B206F640 /* /Users/admin/area67/ConcurrentMerkle/main.cpp */,
			);
			name = "Source Files";
			sourceTree = "<group>";
		};
		AFB197DB077E4251BC9874F9 = {
			isa = PBXGroup;
			children = (
				009C27000ADA4938ACABA2F2 /* ConcurrentMerkle */,
				5AB59525D19E4AD1B01645FC /* ALL_BUILD */,
				F6D745A016F84861BF894849 /* Products */,
			);
			sourceTree = "<group>";
		};
		EF4EDD4769174AC094654DA8 /* CMake Rules */ = {
			isa = PBXGroup;
			children = (
			);
			name = "CMake Rules";
			sourceTree = "<group>";
		};
		F6D745A016F84861BF894849 /* Products */ = {
			isa = PBXGroup;
			children = (
				E81A2D6FFE094B1082C6BBA7 /* ConcurrentMerkle */,
			);
			name = Products;
			sourceTree = "<group>";
		};
/* End PBXGroup section */

/* Begin PBXNativeTarget section */
		C63E39B7BF494DED896AFFC2 /* ConcurrentMerkle */ = {
			isa = PBXNativeTarget;
			buildConfigurationList = 9D6F3DD29C03495981C053D5 /* Build configuration list for PBXNativeTarget "ConcurrentMerkle" */;
			buildPhases = (
				06936C2143C146FD950DBE7C /* Sources */,
			);
			buildRules = (
			);
			dependencies = (
				C69C73B2DF6D406980E3ECEC /* PBXTargetDependency */,
			);
			name = ConcurrentMerkle;
			productName = ConcurrentMerkle;
			productReference = E81A2D6FFE094B1082C6BBA7 /* ConcurrentMerkle */;
			productType = "com.apple.product-type.tool";
		};
/* End PBXNativeTarget section */

/* Begin PBXProject section */
		E0F34CC096F64D3DA7E1C1B6 /* Project object */ = {
			isa = PBXProject;
			attributes = {
				BuildIndependentTargetsInParallel = YES;
				LastUpgradeCheck = 1130;
			};
			buildConfigurationList = EEF161A6E51344919ABDB2CE /* Build configuration list for PBXProject "ConcurrentMerkle" */;
			buildSettings = {
			};
			buildStyles = (
				F5EE52E58E5E4F4BBC17EF2E /* Debug */,
				3C97598F6E064D7CAB1FBBF3 /* Release */,
				C0A5A775C9D145F0978A0F1C /* MinSizeRel */,
				DE70A404BACC4469B75829B0 /* RelWithDebInfo */,
			);
			compatibilityVersion = "Xcode 3.2";
			hasScannedForEncodings = 0;
			mainGroup = AFB197DB077E4251BC9874F9;
			projectDirPath = ../;
			projectRoot = "";
			targets = (
				52E3E7491C90415E8F927004 /* ALL_BUILD */,
				C63E39B7BF494DED896AFFC2 /* ConcurrentMerkle */,
				8B0DE4DB5B4A4CC68599EB64 /* ZERO_CHECK */,
			);
		};
/* End PBXProject section */

/* Begin PBXShellScriptBuildPhase section */
		2F75F23655AC413BA9E376DC = {
			isa = PBXShellScriptBuildPhase;
			buildActionMask = 2147483647;
			files = (
			);
			inputPaths = (
			);
			outputPaths = (
			);
			runOnlyForDeploymentPostprocessing = 0;
			shellPath = /bin/sh;
			shellScript = "# shell script goes here
exit 0";
			showEnvVarsInLog = 0;
		};
		DC072432CEAF437A8AE50A79 = {
			isa = PBXShellScriptBuildPhase;
			buildActionMask = 2147483647;
			files = (
			);
			inputPaths = (
			);
			outputPaths = (
			);
			runOnlyForDeploymentPostprocessing = 0;
			shellPath = /bin/sh;
			shellScript = "# shell script goes here
exit 0";
			showEnvVarsInLog = 0;
		};
		E4C88B8191864EE19B7774D2 /* CMake Rules */ = {
			isa = PBXShellScriptBuildPhase;
			buildActionMask = 2147483647;
			files = (
			);
			name = "CMake Rules";
			runOnlyForDeploymentPostprocessing = 0;
			shellPath = /bin/sh;
			shellScript = "make -C /Users/admin/area67/ConcurrentMerkle/_build -f /Users/admin/area67/ConcurrentMerkle/_build/CMakeScripts/ZERO_CHECK_cmakeRulesBuildPhase.make$CONFIGURATION OBJDIR=$(basename \"$OBJECT_FILE_DIR_normal\") all";
			showEnvVarsInLog = 0;
		};
		FDFF8FC4049D4438A7B17260 /* CMake Rules */ = {
			isa = PBXShellScriptBuildPhase;
			buildActionMask = 2147483647;
			files = (
			);
			name = "CMake Rules";
			runOnlyForDeploymentPostprocessing = 0;
			shellPath = /bin/sh;
			shellScript = "make -C /Users/admin/area67/ConcurrentMerkle/_build -f /Users/admin/area67/ConcurrentMerkle/_build/CMakeScripts/ALL_BUILD_cmakeRulesBuildPhase.make$CONFIGURATION OBJDIR=$(basename \"$OBJECT_FILE_DIR_normal\") all";
			showEnvVarsInLog = 0;
		};
/* End PBXShellScriptBuildPhase section */

/* Begin PBXSourcesBuildPhase section */
		06936C2143C146FD950DBE7C /* Sources */ = {
			isa = PBXSourcesBuildPhase;
			buildActionMask = 2147483647;
			files = (
				15D14FEEBCA14C5786F5D10A /* /Users/admin/area67/ConcurrentMerkle/main.cpp */,
			);
			runOnlyForDeploymentPostprocessing = 0;
		};
/* End PBXSourcesBuildPhase section */

/* Begin PBXTargetDependency section */
		497014E6DA934E82A8E1748B /* PBXTargetDependency */ = {
			isa = PBXTargetDependency;
			target = C63E39B7BF494DED896AFFC2 /* ConcurrentMerkle */;
			targetProxy = 75D8DDB76F2E4ACCA92E003D /* PBXContainerItemProxy */;
		};
		7D333E0D45E84F6E86D5E082 /* PBXTargetDependency */ = {
			isa = PBXTargetDependency;
			target = 8B0DE4DB5B4A4CC68599EB64 /* ZERO_CHECK */;
			targetProxy = 4C81A6C706E5441FB930858A /* PBXContainerItemProxy */;
		};
		C69C73B2DF6D406980E3ECEC /* PBXTargetDependency */ = {
			isa = PBXTargetDependency;
			target = 8B0DE4DB5B4A4CC68599EB64 /* ZERO_CHECK */;
			targetProxy = 40B793B82F7944BB80A6C412 /* PBXContainerItemProxy */;
		};
/* End PBXTargetDependency section */

/* Begin XCBuildConfiguration section */
		1B16E362EF1048B8817EB7A6 /* Release */ = {
			isa = XCBuildConfiguration;
			buildSettings = {
				COMBINE_HIDPI_IMAGES = YES;
				EXECUTABLE_PREFIX = "";
				EXECUTABLE_SUFFIX = "";
				GCC_GENERATE_DEBUGGING_SYMBOLS = NO;
				GCC_INLINES_ARE_PRIVATE_EXTERN = NO;
				GCC_OPTIMIZATION_LEVEL = 3;
				GCC_PREPROCESSOR_DEFINITIONS = ("'CMAKE_INTDIR=\"$(CONFIGURATION)$(EFFECTIVE_PLATFORM_NAME)\"'");
				GCC_SYMBOLS_PRIVATE_EXTERN = NO;
				INSTALL_PATH = "";
				LIBRARY_SEARCH_PATHS = "";
				OTHER_CPLUSPLUSFLAGS = "    -DNDEBUG '-std=gnu++2a'  ";
				OTHER_LDFLAGS = " -Wl,-search_paths_first -Wl,-headerpad_max_install_names  ";
				OTHER_REZFLAGS = "";
				PRODUCT_NAME = ConcurrentMerkle;
				SECTORDER_FLAGS = "";
				SYMROOT = /Users/admin/area67/ConcurrentMerkle/_build;
				USE_HEADERMAP = NO;
				WARNING_CFLAGS = ("-Wmost","-Wno-four-char-constants","-Wno-unknown-pragmas","$(inherited)");
			};
			name = Release;
		};
		1CB3ED79E0124B43938F5A2A /* MinSizeRel */ = {
			isa = XCBuildConfiguration;
			buildSettings = {
				COMBINE_HIDPI_IMAGES = YES;
				GCC_GENERATE_DEBUGGING_SYMBOLS = YES;
				GCC_INLINES_ARE_PRIVATE_EXTERN = NO;
				GCC_OPTIMIZATION_LEVEL = 0;
				GCC_PREPROCESSOR_DEFINITIONS = ("'CMAKE_INTDIR=\"$(CONFIGURATION)$(EFFECTIVE_PLATFORM_NAME)\"'");
				GCC_SYMBOLS_PRIVATE_EXTERN = NO;
				INSTALL_PATH = "";
				OTHER_LDFLAGS = " ";
				OTHER_REZFLAGS = "";
				PRODUCT_NAME = ALL_BUILD;
				SECTORDER_FLAGS = "";
				SYMROOT = /Users/admin/area67/ConcurrentMerkle/_build;
				USE_HEADERMAP = NO;
				WARNING_CFLAGS = ("-Wmost","-Wno-four-char-constants","-Wno-unknown-pragmas","$(inherited)");
			};
			name = MinSizeRel;
		};
		204C434DB76A4BDE935E7854 /* MinSizeRel */ = {
			isa = XCBuildConfiguration;
			buildSettings = {
				COMBINE_HIDPI_IMAGES = YES;
				GCC_GENERATE_DEBUGGING_SYMBOLS = YES;
				GCC_INLINES_ARE_PRIVATE_EXTERN = NO;
				GCC_OPTIMIZATION_LEVEL = 0;
				GCC_PREPROCESSOR_DEFINITIONS = ("'CMAKE_INTDIR=\"$(CONFIGURATION)$(EFFECTIVE_PLATFORM_NAME)\"'");
				GCC_SYMBOLS_PRIVATE_EXTERN = NO;
				INSTALL_PATH = "";
				OTHER_LDFLAGS = " ";
				OTHER_REZFLAGS = "";
				PRODUCT_NAME = ZERO_CHECK;
				SECTORDER_FLAGS = "";
				SYMROOT = /Users/admin/area67/ConcurrentMerkle/_build;
				USE_HEADERMAP = NO;
				WARNING_CFLAGS = ("-Wmost","-Wno-four-char-constants","-Wno-unknown-pragmas","$(inherited)");
			};
			name = MinSizeRel;
		};
		2CA596E33FDD476C8A64EE7A /* MinSizeRel */ = {
			isa = XCBuildConfiguration;
			buildSettings = {
				COMBINE_HIDPI_IMAGES = YES;
				EXECUTABLE_PREFIX = "";
				EXECUTABLE_SUFFIX = "";
				GCC_GENERATE_DEBUGGING_SYMBOLS = NO;
				GCC_INLINES_ARE_PRIVATE_EXTERN = NO;
				GCC_OPTIMIZATION_LEVEL = s;
				GCC_PREPROCESSOR_DEFINITIONS = ("'CMAKE_INTDIR=\"$(CONFIGURATION)$(EFFECTIVE_PLATFORM_NAME)\"'");
				GCC_SYMBOLS_PRIVATE_EXTERN = NO;
				INSTALL_PATH = "";
				LIBRARY_SEARCH_PATHS = "";
				OTHER_CPLUSPLUSFLAGS = "    -DNDEBUG '-std=gnu++2a'  ";
				OTHER_LDFLAGS = " -Wl,-search_paths_first -Wl,-headerpad_max_install_names  ";
				OTHER_REZFLAGS = "";
				PRODUCT_NAME = ConcurrentMerkle;
				SECTORDER_FLAGS = "";
				SYMROOT = /Users/admin/area67/ConcurrentMerkle/_build;
				USE_HEADERMAP = NO;
				WARNING_CFLAGS = ("-Wmost","-Wno-four-char-constants","-Wno-unknown-pragmas","$(inherited)");
			};
			name = MinSizeRel;
		};
		5C44292FF32842E0B4A822C5 /* Debug */ = {
			isa = XCBuildConfiguration;
			buildSettings = {
				COMBINE_HIDPI_IMAGES = YES;
				GCC_GENERATE_DEBUGGING_SYMBOLS = YES;
				GCC_INLINES_ARE_PRIVATE_EXTERN = NO;
				GCC_OPTIMIZATION_LEVEL = 0;
				GCC_PREPROCESSOR_DEFINITIONS = ("'CMAKE_INTDIR=\"$(CONFIGURATION)$(EFFECTIVE_PLATFORM_NAME)\"'");
				GCC_SYMBOLS_PRIVATE_EXTERN = NO;
				INSTALL_PATH = "";
				OTHER_LDFLAGS = " ";
				OTHER_REZFLAGS = "";
				PRODUCT_NAME = ZERO_CHECK;
				SECTORDER_FLAGS = "";
				SYMROOT = /Users/admin/area67/ConcurrentMerkle/_build;
				USE_HEADERMAP = NO;
				WARNING_CFLAGS = ("-Wmost","-Wno-four-char-constants","-Wno-unknown-pragmas","$(inherited)");
			};
			name = Debug;
		};
		616575A41A5B44EB8B160510 /* MinSizeRel */ = {
			isa = XCBuildConfiguration;
			buildSettings = {
				ONLY_ACTIVE_ARCH = YES;
				SDKROOT = /Applications/Xcode.app/Contents/Developer/Platforms/MacOSX.platform/Developer/SDKs/MacOSX10.15.sdk;
				SYMROOT = /Users/admin/area67/ConcurrentMerkle/_build/build;
			};
			name = MinSizeRel;
		};
		7B6FF9B97ABC48478E0F9B80 /* RelWithDebInfo */ = {
			isa = XCBuildConfiguration;
			buildSettings = {
				COMBINE_HIDPI_IMAGES = YES;
				GCC_GENERATE_DEBUGGING_SYMBOLS = YES;
				GCC_INLINES_ARE_PRIVATE_EXTERN = NO;
				GCC_OPTIMIZATION_LEVEL = 0;
				GCC_PREPROCESSOR_DEFINITIONS = ("'CMAKE_INTDIR=\"$(CONFIGURATION)$(EFFECTIVE_PLATFORM_NAME)\"'");
				GCC_SYMBOLS_PRIVATE_EXTERN = NO;
				INSTALL_PATH = "";
				OTHER_LDFLAGS = " ";
				OTHER_REZFLAGS = "";
				PRODUCT_NAME = ZERO_CHECK;
				SECTORDER_FLAGS = "";
				SYMROOT = /Users/admin/area67/ConcurrentMerkle/_build;
				USE_HEADERMAP = NO;
				WARNING_CFLAGS = ("-Wmost","-Wno-four-char-constants","-Wno-unknown-pragmas","$(inherited)");
			};
			name = RelWithDebInfo;
		};
		84568AD4E1424EFFAC5F6DB2 /* Debug */ = {
			isa = XCBuildConfiguration;
			buildSettings = {
				COMBINE_HIDPI_IMAGES = YES;
				GCC_GENERATE_DEBUGGING_SYMBOLS = YES;
				GCC_INLINES_ARE_PRIVATE_EXTERN = NO;
				GCC_OPTIMIZATION_LEVEL = 0;
				GCC_PREPROCESSOR_DEFINITIONS = ("'CMAKE_INTDIR=\"$(CONFIGURATION)$(EFFECTIVE_PLATFORM_NAME)\"'");
				GCC_SYMBOLS_PRIVATE_EXTERN = NO;
				INSTALL_PATH = "";
				OTHER_LDFLAGS = " ";
				OTHER_REZFLAGS = "";
				PRODUCT_NAME = ALL_BUILD;
				SECTORDER_FLAGS = "";
				SYMROOT = /Users/admin/area67/ConcurrentMerkle/_build;
				USE_HEADERMAP = NO;
				WARNING_CFLAGS = ("-Wmost","-Wno-four-char-constants","-Wno-unknown-pragmas","$(inherited)");
			};
			name = Debug;
		};
		96C4A82525CA4F18A223B032 /* Debug */ = {
			isa = XCBuildConfiguration;
			buildSettings = {
				COMBINE_HIDPI_IMAGES = YES;
				EXECUTABLE_PREFIX = "";
				EXECUTABLE_SUFFIX = "";
				GCC_GENERATE_DEBUGGING_SYMBOLS = YES;
				GCC_INLINES_ARE_PRIVATE_EXTERN = NO;
				GCC_OPTIMIZATION_LEVEL = 0;
				GCC_PREPROCESSOR_DEFINITIONS = ("'CMAKE_INTDIR=\"$(CONFIGURATION)$(EFFECTIVE_PLATFORM_NAME)\"'");
				GCC_SYMBOLS_PRIVATE_EXTERN = NO;
				INSTALL_PATH = "";
				LIBRARY_SEARCH_PATHS = "";
				OTHER_CPLUSPLUSFLAGS = "   '-std=gnu++2a'  ";
				OTHER_LDFLAGS = " -Wl,-search_paths_first -Wl,-headerpad_max_install_names  ";
				OTHER_REZFLAGS = "";
				PRODUCT_NAME = ConcurrentMerkle;
				SECTORDER_FLAGS = "";
				SYMROOT = /Users/admin/area67/ConcurrentMerkle/_build;
				USE_HEADERMAP = NO;
				WARNING_CFLAGS = ("-Wmost","-Wno-four-char-constants","-Wno-unknown-pragmas","$(inherited)");
			};
			name = Debug;
		};
		9B2B6ED30AC94462A871DF1A /* Release */ = {
			isa = XCBuildConfiguration;
			buildSettings = {
				COMBINE_HIDPI_IMAGES = YES;
				GCC_GENERATE_DEBUGGING_SYMBOLS = YES;
				GCC_INLINES_ARE_PRIVATE_EXTERN = NO;
				GCC_OPTIMIZATION_LEVEL = 0;
				GCC_PREPROCESSOR_DEFINITIONS = ("'CMAKE_INTDIR=\"$(CONFIGURATION)$(EFFECTIVE_PLATFORM_NAME)\"'");
				GCC_SYMBOLS_PRIVATE_EXTERN = NO;
				INSTALL_PATH = "";
				OTHER_LDFLAGS = " ";
				OTHER_REZFLAGS = "";
				PRODUCT_NAME = ZERO_CHECK;
				SECTORDER_FLAGS = "";
				SYMROOT = /Users/admin/area67/ConcurrentMerkle/_build;
				USE_HEADERMAP = NO;
				WARNING_CFLAGS = ("-Wmost","-Wno-four-char-constants","-Wno-unknown-pragmas","$(inherited)");
			};
			name = Release;
		};
		9D7ADB2E5BD94411B7EC6147 /* RelWithDebInfo */ = {
			isa = XCBuildConfiguration;
			buildSettings = {
				COMBINE_HIDPI_IMAGES = YES;
				GCC_GENERATE_DEBUGGING_SYMBOLS = YES;
				GCC_INLINES_ARE_PRIVATE_EXTERN = NO;
				GCC_OPTIMIZATION_LEVEL = 0;
				GCC_PREPROCESSOR_DEFINITIONS = ("'CMAKE_INTDIR=\"$(CONFIGURATION)$(EFFECTIVE_PLATFORM_NAME)\"'");
				GCC_SYMBOLS_PRIVATE_EXTERN = NO;
				INSTALL_PATH = "";
				OTHER_LDFLAGS = " ";
				OTHER_REZFLAGS = "";
				PRODUCT_NAME = ALL_BUILD;
				SECTORDER_FLAGS = "";
				SYMROOT = /Users/admin/area67/ConcurrentMerkle/_build;
				USE_HEADERMAP = NO;
				WARNING_CFLAGS = ("-Wmost","-Wno-four-char-constants","-Wno-unknown-pragmas","$(inherited)");
			};
			name = RelWithDebInfo;
		};
		B2CDB3065CA541E38B273F4B /* Debug */ = {
			isa = XCBuildConfiguration;
			buildSettings = {
				ONLY_ACTIVE_ARCH = YES;
				SDKROOT = /Applications/Xcode.app/Contents/Developer/Platforms/MacOSX.platform/Developer/SDKs/MacOSX10.15.sdk;
				SYMROOT = /Users/admin/area67/ConcurrentMerkle/_build/build;
			};
			name = Debug;
		};
		B42137606DCE41538881F9DC /* Release */ = {
			isa = XCBuildConfiguration;
			buildSettings = {
				COMBINE_HIDPI_IMAGES = YES;
				GCC_GENERATE_DEBUGGING_SYMBOLS = YES;
				GCC_INLINES_ARE_PRIVATE_EXTERN = NO;
				GCC_OPTIMIZATION_LEVEL = 0;
				GCC_PREPROCESSOR_DEFINITIONS = ("'CMAKE_INTDIR=\"$(CONFIGURATION)$(EFFECTIVE_PLATFORM_NAME)\"'");
				GCC_SYMBOLS_PRIVATE_EXTERN = NO;
				INSTALL_PATH = "";
				OTHER_LDFLAGS = " ";
				OTHER_REZFLAGS = "";
				PRODUCT_NAME = ALL_BUILD;
				SECTORDER_FLAGS = "";
				SYMROOT = /Users/admin/area67/ConcurrentMerkle/_build;
				USE_HEADERMAP = NO;
				WARNING_CFLAGS = ("-Wmost","-Wno-four-char-constants","-Wno-unknown-pragmas","$(inherited)");
			};
			name = Release;
		};
		D543AAB67C8D4B169C8B4BC5 /* RelWithDebInfo */ = {
			isa = XCBuildConfiguration;
			buildSettings = {
				ONLY_ACTIVE_ARCH = YES;
				SDKROOT = /Applications/Xcode.app/Contents/Developer/Platforms/MacOSX.platform/Developer/SDKs/MacOSX10.15.sdk;
				SYMROOT = /Users/admin/area67/ConcurrentMerkle/_build/build;
			};
			name = RelWithDebInfo;
		};
		ECD8144CDC324CEB81D36923 /* RelWithDebInfo */ = {
			isa = XCBuildConfiguration;
			buildSettings = {
				COMBINE_HIDPI_IMAGES = YES;
				EXECUTABLE_PREFIX = "";
				EXECUTABLE_SUFFIX = "";
				GCC_GENERATE_DEBUGGING_SYMBOLS = YES;
				GCC_INLINES_ARE_PRIVATE_EXTERN = NO;
				GCC_OPTIMIZATION_LEVEL = 2;
				GCC_PREPROCESSOR_DEFINITIONS = ("'CMAKE_INTDIR=\"$(CONFIGURATION)$(EFFECTIVE_PLATFORM_NAME)\"'");
				GCC_SYMBOLS_PRIVATE_EXTERN = NO;
				INSTALL_PATH = "";
				LIBRARY_SEARCH_PATHS = "";
				OTHER_CPLUSPLUSFLAGS = "       -DNDEBUG '-std=gnu++2a'  ";
				OTHER_LDFLAGS = " -Wl,-search_paths_first -Wl,-headerpad_max_install_names  ";
				OTHER_REZFLAGS = "";
				PRODUCT_NAME = ConcurrentMerkle;
				SECTORDER_FLAGS = "";
				SYMROOT = /Users/admin/area67/ConcurrentMerkle/_build;
				USE_HEADERMAP = NO;
				WARNING_CFLAGS = ("-Wmost","-Wno-four-char-constants","-Wno-unknown-pragmas","$(inherited)");
			};
			name = RelWithDebInfo;
		};
		EF04D3EF4B1D42259675C60B /* Release */ = {
			isa = XCBuildConfiguration;
			buildSettings = {
				ONLY_ACTIVE_ARCH = YES;
				SDKROOT = /Applications/Xcode.app/Contents/Developer/Platforms/MacOSX.platform/Developer/SDKs/MacOSX10.15.sdk;
				SYMROOT = /Users/admin/area67/ConcurrentMerkle/_build/build;
			};
			name = Release;
		};
/* End XCBuildConfiguration section */

/* Begin XCConfigurationList section */
		679907B98B8A438083665B3E /* Build configuration list for PBXAggregateTarget "ZERO_CHECK" */ = {
			isa = XCConfigurationList;
			buildConfigurations = (
				5C44292FF32842E0B4A822C5 /* Debug */,
				9B2B6ED30AC94462A871DF1A /* Release */,
				204C434DB76A4BDE935E7854 /* MinSizeRel */,
				7B6FF9B97ABC48478E0F9B80 /* RelWithDebInfo */,
			);
			defaultConfigurationIsVisible = 0;
			defaultConfigurationName = Debug;
		};
		6B2F37D5DFAD4A3A8E130BC9 /* Build configuration list for PBXAggregateTarget "ALL_BUILD" */ = {
			isa = XCConfigurationList;
			buildConfigurations = (
				84568AD4E1424EFFAC5F6DB2 /* Debug */,
				B42137606DCE41538881F9DC /* Release */,
				1CB3ED79E0124B43938F5A2A /* MinSizeRel */,
				9D7ADB2E5BD94411B7EC6147 /* RelWithDebInfo */,
			);
			defaultConfigurationIsVisible = 0;
			defaultConfigurationName = Debug;
		};
		9D6F3DD29C03495981C053D5 /* Build configuration list for PBXNativeTarget "ConcurrentMerkle" */ = {
			isa = XCConfigurationList;
			buildConfigurations = (
				96C4A82525CA4F18A223B032 /* Debug */,
				1B16E362EF1048B8817EB7A6 /* Release */,
				2CA596E33FDD476C8A64EE7A /* MinSizeRel */,
				ECD8144CDC324CEB81D36923 /* RelWithDebInfo */,
			);
			defaultConfigurationIsVisible = 0;
			defaultConfigurationName = Debug;
		};
		EEF161A6E51344919ABDB2CE /* Build configuration list for PBXProject "ConcurrentMerkle" */ = {
			isa = XCConfigurationList;
			buildConfigurations = (
				B2CDB3065CA541E38B273F4B /* Debug */,
				EF04D3EF4B1D42259675C60B /* Release */,
				616575A41A5B44EB8B160510 /* MinSizeRel */,
				D543AAB67C8D4B169C8B4BC5 /* RelWithDebInfo */,
			);
			defaultConfigurationIsVisible = 0;
			defaultConfigurationName = Debug;
		};
/* End XCConfigurationList section */
	};
	rootObject = E0F34CC096F64D3DA7E1C1B6 /* Project object */;
}
